// !$*UTF8*$!
{
	archiveVersion = 1;
	classes = {
	};
	objectVersion = 51;
	objects = {

/* Begin PBXBuildFile section */
		032AAB70263354F100CE0F91 /* UpdateEmailViewController.swift in Sources */ = {isa = PBXBuildFile; fileRef = 032AAB6F263354F100CE0F91 /* UpdateEmailViewController.swift */; };
		032E503A2621460B00A59F14 /* CreateProfileAllViewController.swift in Sources */ = {isa = PBXBuildFile; fileRef = 032E50392621460B00A59F14 /* CreateProfileAllViewController.swift */; };
		035BEE632613D3D400015ADC /* HomeViewController.swift in Sources */ = {isa = PBXBuildFile; fileRef = 035BEE622613D3D400015ADC /* HomeViewController.swift */; };
		0363EF20263A6C5B0044AAE1 /* EditProfileViewController.swift in Sources */ = {isa = PBXBuildFile; fileRef = 035BEE672613D58100015ADC /* EditProfileViewController.swift */; };
		0363EF21263A6C5F0044AAE1 /* MainProfileViewController.swift in Sources */ = {isa = PBXBuildFile; fileRef = 035BEE6C2613D59800015ADC /* MainProfileViewController.swift */; };
		0363EF23263A6E450044AAE1 /* ChangePasswordViewController.swift in Sources */ = {isa = PBXBuildFile; fileRef = 0363EF22263A6E450044AAE1 /* ChangePasswordViewController.swift */; };
		0363EF25263A6FC50044AAE1 /* AboutUsViewController.swift in Sources */ = {isa = PBXBuildFile; fileRef = 0363EF24263A6FC50044AAE1 /* AboutUsViewController.swift */; };
		0367F9F4262384A3000CBE37 /* BackButton.swift in Sources */ = {isa = PBXBuildFile; fileRef = 0367F9F3262384A3000CBE37 /* BackButton.swift */; };
		0367FA082623EAFE000CBE37 /* SearchTableViewController.swift in Sources */ = {isa = PBXBuildFile; fileRef = 0367FA072623EAFE000CBE37 /* SearchTableViewController.swift */; };
		0381BCF1260A8DA900168C48 /* AllEventsTableViewCell.swift in Sources */ = {isa = PBXBuildFile; fileRef = 0381BCF0260A8DA900168C48 /* AllEventsTableViewCell.swift */; };
		0381BCF9260A8E3600168C48 /* MyEventsTableViewCell.swift in Sources */ = {isa = PBXBuildFile; fileRef = 0381BCF8260A8E3600168C48 /* MyEventsTableViewCell.swift */; };
		0381BCFE260A8E4800168C48 /* MyEventsTableViewController.swift in Sources */ = {isa = PBXBuildFile; fileRef = 0381BCFD260A8E4800168C48 /* MyEventsTableViewController.swift */; };
		0381BD03260A8E5500168C48 /* AllEventsTableViewController.swift in Sources */ = {isa = PBXBuildFile; fileRef = 0381BD02260A8E5500168C48 /* AllEventsTableViewController.swift */; };
		03A25B97262F6E30008C509F /* SettingsTableViewController.swift in Sources */ = {isa = PBXBuildFile; fileRef = 03A25B96262F6E30008C509F /* SettingsTableViewController.swift */; };
		03A37400260AE9430011DC21 /* Home.storyboard in Resources */ = {isa = PBXBuildFile; fileRef = 03A373FF260AE9430011DC21 /* Home.storyboard */; };
		03A37405260AEA720011DC21 /* Search.storyboard in Resources */ = {isa = PBXBuildFile; fileRef = 03A37404260AEA720011DC21 /* Search.storyboard */; };
		03A3741A260AEDA30011DC21 /* Settings.storyboard in Resources */ = {isa = PBXBuildFile; fileRef = 03A37419260AEDA30011DC21 /* Settings.storyboard */; };
		03BC13F625E5C6AD0001E2E9 /* Main.storyboard in Resources */ = {isa = PBXBuildFile; fileRef = 98CC89ED25DCFCA4008E4A7B /* Main.storyboard */; };
		03BC13FB25E5DAD60001E2E9 /* PassResetController.swift in Sources */ = {isa = PBXBuildFile; fileRef = 03BC13FA25E5DAD60001E2E9 /* PassResetController.swift */; };
		03F277CD2630FD8D009E3D61 /* EventsTabBarController.swift in Sources */ = {isa = PBXBuildFile; fileRef = 03F277CC2630FD8D009E3D61 /* EventsTabBarController.swift */; };
		03F2FBAF2602FD13008748E1 /* LegalDocs.storyboard in Resources */ = {isa = PBXBuildFile; fileRef = 03F2FBAE2602FD13008748E1 /* LegalDocs.storyboard */; };
		03F2FBC52602FD7A008748E1 /* PrivacyPolicyViewController.swift in Sources */ = {isa = PBXBuildFile; fileRef = 03F2FBC32602FD7A008748E1 /* PrivacyPolicyViewController.swift */; };
		03F2FBC62602FD7A008748E1 /* ToSViewController.swift in Sources */ = {isa = PBXBuildFile; fileRef = 03F2FBC42602FD7A008748E1 /* ToSViewController.swift */; };
		03F2FBD826030447008748E1 /* Events.storyboard in Resources */ = {isa = PBXBuildFile; fileRef = 03F2FBD726030447008748E1 /* Events.storyboard */; };
		3172CA3F8203E80A15E3723B /* Pods_VolunteerTests.framework in Frameworks */ = {isa = PBXBuildFile; fileRef = 925FE17E549E5DEACAABA95C /* Pods_VolunteerTests.framework */; };
		5F96A54866D548882CF2E6E7 /* Pods_Volunteer_VolunteerUITests.framework in Frameworks */ = {isa = PBXBuildFile; fileRef = B13A518CCA7D53725E1CFA0C /* Pods_Volunteer_VolunteerUITests.framework */; };
		7A893BB9262BA33C006EC6EC /* Profile.storyboard in Resources */ = {isa = PBXBuildFile; fileRef = 03A37411260AED200011DC21 /* Profile.storyboard */; };
		7A98C719261E83C200798493 /* SearchEventCell.swift in Sources */ = {isa = PBXBuildFile; fileRef = 7A98C718261E83C200798493 /* SearchEventCell.swift */; };
		98CC89E825DCFCA4008E4A7B /* AppDelegate.swift in Sources */ = {isa = PBXBuildFile; fileRef = 98CC89E725DCFCA4008E4A7B /* AppDelegate.swift */; };
		98CC89EA25DCFCA4008E4A7B /* SceneDelegate.swift in Sources */ = {isa = PBXBuildFile; fileRef = 98CC89E925DCFCA4008E4A7B /* SceneDelegate.swift */; };
		98CC89F125DCFCA5008E4A7B /* Assets.xcassets in Resources */ = {isa = PBXBuildFile; fileRef = 98CC89F025DCFCA5008E4A7B /* Assets.xcassets */; };
		98CC89F425DCFCA5008E4A7B /* LaunchScreen.storyboard in Resources */ = {isa = PBXBuildFile; fileRef = 98CC89F225DCFCA5008E4A7B /* LaunchScreen.storyboard */; };
		98CC89FF25DCFCA6008E4A7B /* VolunteerTests.swift in Sources */ = {isa = PBXBuildFile; fileRef = 98CC89FE25DCFCA6008E4A7B /* VolunteerTests.swift */; };
		98CC8A0A25DCFCA6008E4A7B /* VolunteerUITests.swift in Sources */ = {isa = PBXBuildFile; fileRef = 98CC8A0925DCFCA6008E4A7B /* VolunteerUITests.swift */; };
		B125CA772628E98E00E01AD5 /* CreatedEventsTableViewCell.swift in Sources */ = {isa = PBXBuildFile; fileRef = B125CA762628E98E00E01AD5 /* CreatedEventsTableViewCell.swift */; };
		B125CA7C2628E9DA00E01AD5 /* CreatedEventsTableViewController.swift in Sources */ = {isa = PBXBuildFile; fileRef = B125CA7B2628E9DA00E01AD5 /* CreatedEventsTableViewController.swift */; };
		B125CA8126290ABB00E01AD5 /* CreatorEventDetailsViewController.swift in Sources */ = {isa = PBXBuildFile; fileRef = B125CA8026290ABB00E01AD5 /* CreatorEventDetailsViewController.swift */; };
		B125CA8626290AF600E01AD5 /* EditEventViewController.swift in Sources */ = {isa = PBXBuildFile; fileRef = B125CA8526290AF600E01AD5 /* EditEventViewController.swift */; };
		B125CA8B26290B3C00E01AD5 /* VolunteersTableViewCell.swift in Sources */ = {isa = PBXBuildFile; fileRef = B125CA8A26290B3C00E01AD5 /* VolunteersTableViewCell.swift */; };
		B125CA902629317A00E01AD5 /* VolunteersTableViewController.swift in Sources */ = {isa = PBXBuildFile; fileRef = B125CA8F2629317900E01AD5 /* VolunteersTableViewController.swift */; };
		B152DC0325E37C6B00A7DB17 /* HelperExtensions.swift in Sources */ = {isa = PBXBuildFile; fileRef = B152DC0225E37C6B00A7DB17 /* HelperExtensions.swift */; };
		B152DC0825E37C7E00A7DB17 /* ImageService.swift in Sources */ = {isa = PBXBuildFile; fileRef = B152DC0725E37C7E00A7DB17 /* ImageService.swift */; };
		B152DC0D25E37C9100A7DB17 /* LoginViewController.swift in Sources */ = {isa = PBXBuildFile; fileRef = B152DC0C25E37C9100A7DB17 /* LoginViewController.swift */; };
		B152DC1725E37CBE00A7DB17 /* RoundedWhiteButton.swift in Sources */ = {isa = PBXBuildFile; fileRef = B152DC1625E37CBE00A7DB17 /* RoundedWhiteButton.swift */; };
		B152DC1C25E37CCF00A7DB17 /* SignUpViewController.swift in Sources */ = {isa = PBXBuildFile; fileRef = B152DC1B25E37CCF00A7DB17 /* SignUpViewController.swift */; };
		B152DC2425E43EEA00A7DB17 /* ResetPassViewController.swift in Sources */ = {isa = PBXBuildFile; fileRef = B152DC2325E43EEA00A7DB17 /* ResetPassViewController.swift */; };
		B152DC2925E43F6400A7DB17 /* CheckEmailViewController.swift in Sources */ = {isa = PBXBuildFile; fileRef = B152DC2825E43F6400A7DB17 /* CheckEmailViewController.swift */; };
		B152DC2E25E43F9A00A7DB17 /* ChangePassViewController.swift in Sources */ = {isa = PBXBuildFile; fileRef = B152DC2D25E43F9A00A7DB17 /* ChangePassViewController.swift */; };
		B152DC3325E4400800A7DB17 /* VerifyEmailViewController.swift in Sources */ = {isa = PBXBuildFile; fileRef = B152DC3225E4400800A7DB17 /* VerifyEmailViewController.swift */; };
		B152DC3825E4403100A7DB17 /* GreatViewController.swift in Sources */ = {isa = PBXBuildFile; fileRef = B152DC3725E4403100A7DB17 /* GreatViewController.swift */; };
		B152DC3D25E4404400A7DB17 /* SelectAgeViewController.swift in Sources */ = {isa = PBXBuildFile; fileRef = B152DC3C25E4404400A7DB17 /* SelectAgeViewController.swift */; };
		B152DC5125E440F800A7DB17 /* SetupProfileViewController.swift in Sources */ = {isa = PBXBuildFile; fileRef = B152DC5025E440F800A7DB17 /* SetupProfileViewController.swift */; };
		B152DC5625E4411200A7DB17 /* PrivacySettingViewController.swift in Sources */ = {isa = PBXBuildFile; fileRef = B152DC5525E4411200A7DB17 /* PrivacySettingViewController.swift */; };
		B152DC5B25E4416000A7DB17 /* CreateProfileViewController.swift in Sources */ = {isa = PBXBuildFile; fileRef = B152DC5A25E4416000A7DB17 /* CreateProfileViewController.swift */; };
		B152DC6025E4417E00A7DB17 /* CreateProfileContinueViewController.swift in Sources */ = {isa = PBXBuildFile; fileRef = B152DC5F25E4417E00A7DB17 /* CreateProfileContinueViewController.swift */; };
		B152DC6525E4419F00A7DB17 /* SelectSkillsViewController.swift in Sources */ = {isa = PBXBuildFile; fileRef = B152DC6425E4419F00A7DB17 /* SelectSkillsViewController.swift */; };
		B152DC6A25E441BC00A7DB17 /* SelectInterestViewController.swift in Sources */ = {isa = PBXBuildFile; fileRef = B152DC6925E441BC00A7DB17 /* SelectInterestViewController.swift */; };
		B1B328AC2617EB32003BCF34 /* EventDetailsViewController.swift in Sources */ = {isa = PBXBuildFile; fileRef = B1B328AB2617EB32003BCF34 /* EventDetailsViewController.swift */; };
		B1E4955F26090CF500F10A9E /* CreateNewEventViewController.swift in Sources */ = {isa = PBXBuildFile; fileRef = B1E4955E26090CF500F10A9E /* CreateNewEventViewController.swift */; };
		CF7A3EF23A061F84BE2DB847 /* Pods_Volunteer.framework in Frameworks */ = {isa = PBXBuildFile; fileRef = 9E7472CEAE76EF1A03265E59 /* Pods_Volunteer.framework */; };
/* End PBXBuildFile section */

/* Begin PBXContainerItemProxy section */
		98CC89FB25DCFCA6008E4A7B /* PBXContainerItemProxy */ = {
			isa = PBXContainerItemProxy;
			containerPortal = 98CC89DC25DCFCA4008E4A7B /* Project object */;
			proxyType = 1;
			remoteGlobalIDString = 98CC89E325DCFCA4008E4A7B;
			remoteInfo = Volunteer;
		};
		98CC8A0625DCFCA6008E4A7B /* PBXContainerItemProxy */ = {
			isa = PBXContainerItemProxy;
			containerPortal = 98CC89DC25DCFCA4008E4A7B /* Project object */;
			proxyType = 1;
			remoteGlobalIDString = 98CC89E325DCFCA4008E4A7B;
			remoteInfo = Volunteer;
		};
/* End PBXContainerItemProxy section */

/* Begin PBXFileReference section */
		032AAB6F263354F100CE0F91 /* UpdateEmailViewController.swift */ = {isa = PBXFileReference; lastKnownFileType = sourcecode.swift; name = UpdateEmailViewController.swift; path = Settings/UpdateEmailViewController.swift; sourceTree = SOURCE_ROOT; };
		032E50392621460B00A59F14 /* CreateProfileAllViewController.swift */ = {isa = PBXFileReference; lastKnownFileType = sourcecode.swift; path = CreateProfileAllViewController.swift; sourceTree = "<group>"; };
		035BEE622613D3D400015ADC /* HomeViewController.swift */ = {isa = PBXFileReference; lastKnownFileType = sourcecode.swift; name = HomeViewController.swift; path = Home/HomeViewController.swift; sourceTree = SOURCE_ROOT; };
		035BEE672613D58100015ADC /* EditProfileViewController.swift */ = {isa = PBXFileReference; lastKnownFileType = sourcecode.swift; name = EditProfileViewController.swift; path = Profile/EditProfileViewController.swift; sourceTree = SOURCE_ROOT; };
		035BEE6C2613D59800015ADC /* MainProfileViewController.swift */ = {isa = PBXFileReference; lastKnownFileType = sourcecode.swift; name = MainProfileViewController.swift; path = Profile/MainProfileViewController.swift; sourceTree = SOURCE_ROOT; };
		0363EF22263A6E450044AAE1 /* ChangePasswordViewController.swift */ = {isa = PBXFileReference; lastKnownFileType = sourcecode.swift; path = ChangePasswordViewController.swift; sourceTree = "<group>"; };
		0363EF24263A6FC50044AAE1 /* AboutUsViewController.swift */ = {isa = PBXFileReference; fileEncoding = 4; lastKnownFileType = sourcecode.swift; path = AboutUsViewController.swift; sourceTree = "<group>"; };
		0367F9F3262384A3000CBE37 /* BackButton.swift */ = {isa = PBXFileReference; lastKnownFileType = sourcecode.swift; path = BackButton.swift; sourceTree = "<group>"; };
		0367FA072623EAFE000CBE37 /* SearchTableViewController.swift */ = {isa = PBXFileReference; lastKnownFileType = sourcecode.swift; path = SearchTableViewController.swift; sourceTree = "<group>"; };
		0381BCF0260A8DA900168C48 /* AllEventsTableViewCell.swift */ = {isa = PBXFileReference; lastKnownFileType = sourcecode.swift; path = AllEventsTableViewCell.swift; sourceTree = "<group>"; };
		0381BCF8260A8E3600168C48 /* MyEventsTableViewCell.swift */ = {isa = PBXFileReference; lastKnownFileType = sourcecode.swift; path = MyEventsTableViewCell.swift; sourceTree = "<group>"; };
		0381BCFD260A8E4800168C48 /* MyEventsTableViewController.swift */ = {isa = PBXFileReference; lastKnownFileType = sourcecode.swift; path = MyEventsTableViewController.swift; sourceTree = "<group>"; };
		0381BD02260A8E5500168C48 /* AllEventsTableViewController.swift */ = {isa = PBXFileReference; lastKnownFileType = sourcecode.swift; path = AllEventsTableViewController.swift; sourceTree = "<group>"; };
		03A25B96262F6E30008C509F /* SettingsTableViewController.swift */ = {isa = PBXFileReference; lastKnownFileType = sourcecode.swift; name = SettingsTableViewController.swift; path = Settings/SettingsTableViewController.swift; sourceTree = SOURCE_ROOT; };
		03A373FF260AE9430011DC21 /* Home.storyboard */ = {isa = PBXFileReference; lastKnownFileType = file.storyboard; path = Home.storyboard; sourceTree = "<group>"; };
		03A37404260AEA720011DC21 /* Search.storyboard */ = {isa = PBXFileReference; lastKnownFileType = file.storyboard; path = Search.storyboard; sourceTree = "<group>"; };
		03A37411260AED200011DC21 /* Profile.storyboard */ = {isa = PBXFileReference; lastKnownFileType = file.storyboard; path = Profile.storyboard; sourceTree = "<group>"; };
		03A37419260AEDA30011DC21 /* Settings.storyboard */ = {isa = PBXFileReference; lastKnownFileType = file.storyboard; path = Settings.storyboard; sourceTree = "<group>"; };
		03BC13FA25E5DAD60001E2E9 /* PassResetController.swift */ = {isa = PBXFileReference; lastKnownFileType = sourcecode.swift; path = PassResetController.swift; sourceTree = "<group>"; };
		03F277CC2630FD8D009E3D61 /* EventsTabBarController.swift */ = {isa = PBXFileReference; lastKnownFileType = sourcecode.swift; path = EventsTabBarController.swift; sourceTree = "<group>"; };
		03F2FBAE2602FD13008748E1 /* LegalDocs.storyboard */ = {isa = PBXFileReference; fileEncoding = 4; lastKnownFileType = file.storyboard; path = LegalDocs.storyboard; sourceTree = "<group>"; };
		03F2FBC32602FD7A008748E1 /* PrivacyPolicyViewController.swift */ = {isa = PBXFileReference; fileEncoding = 4; lastKnownFileType = sourcecode.swift; path = PrivacyPolicyViewController.swift; sourceTree = "<group>"; };
		03F2FBC42602FD7A008748E1 /* ToSViewController.swift */ = {isa = PBXFileReference; fileEncoding = 4; lastKnownFileType = sourcecode.swift; path = ToSViewController.swift; sourceTree = "<group>"; };
		03F2FBD726030447008748E1 /* Events.storyboard */ = {isa = PBXFileReference; lastKnownFileType = file.storyboard; path = Events.storyboard; sourceTree = "<group>"; };
		0465753C1758BAB82A3169F4 /* Pods-Volunteer.release.xcconfig */ = {isa = PBXFileReference; includeInIndex = 1; lastKnownFileType = text.xcconfig; name = "Pods-Volunteer.release.xcconfig"; path = "Target Support Files/Pods-Volunteer/Pods-Volunteer.release.xcconfig"; sourceTree = "<group>"; };
		1C361E8663E17DB86252A39F /* Pods-Volunteer-VolunteerUITests.release.xcconfig */ = {isa = PBXFileReference; includeInIndex = 1; lastKnownFileType = text.xcconfig; name = "Pods-Volunteer-VolunteerUITests.release.xcconfig"; path = "Target Support Files/Pods-Volunteer-VolunteerUITests/Pods-Volunteer-VolunteerUITests.release.xcconfig"; sourceTree = "<group>"; };
		5BBF486254AF5EDB4FE84A37 /* Pods-Volunteer.debug.xcconfig */ = {isa = PBXFileReference; includeInIndex = 1; lastKnownFileType = text.xcconfig; name = "Pods-Volunteer.debug.xcconfig"; path = "Target Support Files/Pods-Volunteer/Pods-Volunteer.debug.xcconfig"; sourceTree = "<group>"; };
		66D23A9C3CF7DBB2AB963756 /* Pods-VolunteerTests.release.xcconfig */ = {isa = PBXFileReference; includeInIndex = 1; lastKnownFileType = text.xcconfig; name = "Pods-VolunteerTests.release.xcconfig"; path = "Target Support Files/Pods-VolunteerTests/Pods-VolunteerTests.release.xcconfig"; sourceTree = "<group>"; };
		7A98C718261E83C200798493 /* SearchEventCell.swift */ = {isa = PBXFileReference; lastKnownFileType = sourcecode.swift; name = SearchEventCell.swift; path = Search/SearchEventCell.swift; sourceTree = SOURCE_ROOT; };
		86369C264968F68EBBF8058C /* Pods-Volunteer-VolunteerUITests.debug.xcconfig */ = {isa = PBXFileReference; includeInIndex = 1; lastKnownFileType = text.xcconfig; name = "Pods-Volunteer-VolunteerUITests.debug.xcconfig"; path = "Target Support Files/Pods-Volunteer-VolunteerUITests/Pods-Volunteer-VolunteerUITests.debug.xcconfig"; sourceTree = "<group>"; };
		924C0482176AF7C1832AC450 /* Pods-VolunteerTests.debug.xcconfig */ = {isa = PBXFileReference; includeInIndex = 1; lastKnownFileType = text.xcconfig; name = "Pods-VolunteerTests.debug.xcconfig"; path = "Target Support Files/Pods-VolunteerTests/Pods-VolunteerTests.debug.xcconfig"; sourceTree = "<group>"; };
		925FE17E549E5DEACAABA95C /* Pods_VolunteerTests.framework */ = {isa = PBXFileReference; explicitFileType = wrapper.framework; includeInIndex = 0; path = Pods_VolunteerTests.framework; sourceTree = BUILT_PRODUCTS_DIR; };
		98CC89E425DCFCA4008E4A7B /* Volunteer.app */ = {isa = PBXFileReference; explicitFileType = wrapper.application; includeInIndex = 0; path = Volunteer.app; sourceTree = BUILT_PRODUCTS_DIR; };
		98CC89E725DCFCA4008E4A7B /* AppDelegate.swift */ = {isa = PBXFileReference; lastKnownFileType = sourcecode.swift; path = AppDelegate.swift; sourceTree = "<group>"; };
		98CC89E925DCFCA4008E4A7B /* SceneDelegate.swift */ = {isa = PBXFileReference; lastKnownFileType = sourcecode.swift; path = SceneDelegate.swift; sourceTree = "<group>"; };
		98CC89EE25DCFCA4008E4A7B /* Base */ = {isa = PBXFileReference; lastKnownFileType = file.storyboard; name = Base; path = Base.lproj/Main.storyboard; sourceTree = "<group>"; };
		98CC89F025DCFCA5008E4A7B /* Assets.xcassets */ = {isa = PBXFileReference; lastKnownFileType = folder.assetcatalog; path = Assets.xcassets; sourceTree = "<group>"; };
		98CC89F325DCFCA5008E4A7B /* Base */ = {isa = PBXFileReference; lastKnownFileType = file.storyboard; name = Base; path = Base.lproj/LaunchScreen.storyboard; sourceTree = "<group>"; };
		98CC89F525DCFCA6008E4A7B /* Info.plist */ = {isa = PBXFileReference; lastKnownFileType = text.plist.xml; path = Info.plist; sourceTree = "<group>"; };
		98CC89FA25DCFCA6008E4A7B /* VolunteerTests.xctest */ = {isa = PBXFileReference; explicitFileType = wrapper.cfbundle; includeInIndex = 0; path = VolunteerTests.xctest; sourceTree = BUILT_PRODUCTS_DIR; };
		98CC89FE25DCFCA6008E4A7B /* VolunteerTests.swift */ = {isa = PBXFileReference; lastKnownFileType = sourcecode.swift; path = VolunteerTests.swift; sourceTree = "<group>"; };
		98CC8A0025DCFCA6008E4A7B /* Info.plist */ = {isa = PBXFileReference; lastKnownFileType = text.plist.xml; path = Info.plist; sourceTree = "<group>"; };
		98CC8A0525DCFCA6008E4A7B /* VolunteerUITests.xctest */ = {isa = PBXFileReference; explicitFileType = wrapper.cfbundle; includeInIndex = 0; path = VolunteerUITests.xctest; sourceTree = BUILT_PRODUCTS_DIR; };
		98CC8A0925DCFCA6008E4A7B /* VolunteerUITests.swift */ = {isa = PBXFileReference; lastKnownFileType = sourcecode.swift; path = VolunteerUITests.swift; sourceTree = "<group>"; };
		98CC8A0B25DCFCA6008E4A7B /* Info.plist */ = {isa = PBXFileReference; lastKnownFileType = text.plist.xml; path = Info.plist; sourceTree = "<group>"; };
		9E7472CEAE76EF1A03265E59 /* Pods_Volunteer.framework */ = {isa = PBXFileReference; explicitFileType = wrapper.framework; includeInIndex = 0; path = Pods_Volunteer.framework; sourceTree = BUILT_PRODUCTS_DIR; };
		B125CA762628E98E00E01AD5 /* CreatedEventsTableViewCell.swift */ = {isa = PBXFileReference; lastKnownFileType = sourcecode.swift; path = CreatedEventsTableViewCell.swift; sourceTree = "<group>"; };
		B125CA7B2628E9DA00E01AD5 /* CreatedEventsTableViewController.swift */ = {isa = PBXFileReference; lastKnownFileType = sourcecode.swift; path = CreatedEventsTableViewController.swift; sourceTree = "<group>"; };
		B125CA8026290ABB00E01AD5 /* CreatorEventDetailsViewController.swift */ = {isa = PBXFileReference; lastKnownFileType = sourcecode.swift; path = CreatorEventDetailsViewController.swift; sourceTree = "<group>"; };
		B125CA8526290AF600E01AD5 /* EditEventViewController.swift */ = {isa = PBXFileReference; lastKnownFileType = sourcecode.swift; path = EditEventViewController.swift; sourceTree = "<group>"; };
		B125CA8A26290B3C00E01AD5 /* VolunteersTableViewCell.swift */ = {isa = PBXFileReference; lastKnownFileType = sourcecode.swift; path = VolunteersTableViewCell.swift; sourceTree = "<group>"; };
		B125CA8F2629317900E01AD5 /* VolunteersTableViewController.swift */ = {isa = PBXFileReference; lastKnownFileType = sourcecode.swift; path = VolunteersTableViewController.swift; sourceTree = "<group>"; };
		B13A518CCA7D53725E1CFA0C /* Pods_Volunteer_VolunteerUITests.framework */ = {isa = PBXFileReference; explicitFileType = wrapper.framework; includeInIndex = 0; path = Pods_Volunteer_VolunteerUITests.framework; sourceTree = BUILT_PRODUCTS_DIR; };
		B152DC0225E37C6B00A7DB17 /* HelperExtensions.swift */ = {isa = PBXFileReference; lastKnownFileType = sourcecode.swift; path = HelperExtensions.swift; sourceTree = "<group>"; };
		B152DC0725E37C7E00A7DB17 /* ImageService.swift */ = {isa = PBXFileReference; lastKnownFileType = sourcecode.swift; path = ImageService.swift; sourceTree = "<group>"; };
		B152DC0C25E37C9100A7DB17 /* LoginViewController.swift */ = {isa = PBXFileReference; lastKnownFileType = sourcecode.swift; path = LoginViewController.swift; sourceTree = "<group>"; };
		B152DC1625E37CBE00A7DB17 /* RoundedWhiteButton.swift */ = {isa = PBXFileReference; lastKnownFileType = sourcecode.swift; path = RoundedWhiteButton.swift; sourceTree = "<group>"; };
		B152DC1B25E37CCF00A7DB17 /* SignUpViewController.swift */ = {isa = PBXFileReference; lastKnownFileType = sourcecode.swift; path = SignUpViewController.swift; sourceTree = "<group>"; };
		B152DC2325E43EEA00A7DB17 /* ResetPassViewController.swift */ = {isa = PBXFileReference; lastKnownFileType = sourcecode.swift; path = ResetPassViewController.swift; sourceTree = "<group>"; };
		B152DC2825E43F6400A7DB17 /* CheckEmailViewController.swift */ = {isa = PBXFileReference; lastKnownFileType = sourcecode.swift; path = CheckEmailViewController.swift; sourceTree = "<group>"; };
		B152DC2D25E43F9A00A7DB17 /* ChangePassViewController.swift */ = {isa = PBXFileReference; lastKnownFileType = sourcecode.swift; path = ChangePassViewController.swift; sourceTree = "<group>"; };
		B152DC3225E4400800A7DB17 /* VerifyEmailViewController.swift */ = {isa = PBXFileReference; lastKnownFileType = sourcecode.swift; path = VerifyEmailViewController.swift; sourceTree = "<group>"; };
		B152DC3725E4403100A7DB17 /* GreatViewController.swift */ = {isa = PBXFileReference; lastKnownFileType = sourcecode.swift; path = GreatViewController.swift; sourceTree = "<group>"; };
		B152DC3C25E4404400A7DB17 /* SelectAgeViewController.swift */ = {isa = PBXFileReference; lastKnownFileType = sourcecode.swift; path = SelectAgeViewController.swift; sourceTree = "<group>"; };
		B152DC5025E440F800A7DB17 /* SetupProfileViewController.swift */ = {isa = PBXFileReference; lastKnownFileType = sourcecode.swift; path = SetupProfileViewController.swift; sourceTree = "<group>"; };
		B152DC5525E4411200A7DB17 /* PrivacySettingViewController.swift */ = {isa = PBXFileReference; lastKnownFileType = sourcecode.swift; path = PrivacySettingViewController.swift; sourceTree = "<group>"; };
		B152DC5A25E4416000A7DB17 /* CreateProfileViewController.swift */ = {isa = PBXFileReference; lastKnownFileType = sourcecode.swift; path = CreateProfileViewController.swift; sourceTree = "<group>"; };
		B152DC5F25E4417E00A7DB17 /* CreateProfileContinueViewController.swift */ = {isa = PBXFileReference; lastKnownFileType = sourcecode.swift; path = CreateProfileContinueViewController.swift; sourceTree = "<group>"; };
		B152DC6425E4419F00A7DB17 /* SelectSkillsViewController.swift */ = {isa = PBXFileReference; lastKnownFileType = sourcecode.swift; path = SelectSkillsViewController.swift; sourceTree = "<group>"; };
		B152DC6925E441BC00A7DB17 /* SelectInterestViewController.swift */ = {isa = PBXFileReference; lastKnownFileType = sourcecode.swift; path = SelectInterestViewController.swift; sourceTree = "<group>"; };
		B1B328AB2617EB32003BCF34 /* EventDetailsViewController.swift */ = {isa = PBXFileReference; lastKnownFileType = sourcecode.swift; path = EventDetailsViewController.swift; sourceTree = "<group>"; };
		B1E4955E26090CF500F10A9E /* CreateNewEventViewController.swift */ = {isa = PBXFileReference; lastKnownFileType = sourcecode.swift; path = CreateNewEventViewController.swift; sourceTree = "<group>"; };
/* End PBXFileReference section */

/* Begin PBXFrameworksBuildPhase section */
		98CC89E125DCFCA4008E4A7B /* Frameworks */ = {
			isa = PBXFrameworksBuildPhase;
			buildActionMask = 2147483647;
			files = (
				CF7A3EF23A061F84BE2DB847 /* Pods_Volunteer.framework in Frameworks */,
			);
			runOnlyForDeploymentPostprocessing = 0;
		};
		98CC89F725DCFCA6008E4A7B /* Frameworks */ = {
			isa = PBXFrameworksBuildPhase;
			buildActionMask = 2147483647;
			files = (
				3172CA3F8203E80A15E3723B /* Pods_VolunteerTests.framework in Frameworks */,
			);
			runOnlyForDeploymentPostprocessing = 0;
		};
		98CC8A0225DCFCA6008E4A7B /* Frameworks */ = {
			isa = PBXFrameworksBuildPhase;
			buildActionMask = 2147483647;
			files = (
				5F96A54866D548882CF2E6E7 /* Pods_Volunteer_VolunteerUITests.framework in Frameworks */,
			);
			runOnlyForDeploymentPostprocessing = 0;
		};
/* End PBXFrameworksBuildPhase section */

/* Begin PBXGroup section */
		0367F9F22623845E000CBE37 /* _Buttons */ = {
			isa = PBXGroup;
			children = (
				B152DC1625E37CBE00A7DB17 /* RoundedWhiteButton.swift */,
				0367F9F3262384A3000CBE37 /* BackButton.swift */,
			);
			path = _Buttons;
			sourceTree = "<group>";
		};
		03A37409260AEA7F0011DC21 /* Search */ = {
			isa = PBXGroup;
			children = (
				7A98C718261E83C200798493 /* SearchEventCell.swift */,
				0367FA072623EAFE000CBE37 /* SearchTableViewController.swift */,
			);
			path = Search;
			sourceTree = "<group>";
		};
		03A3740A260AEA860011DC21 /* Home */ = {
			isa = PBXGroup;
			children = (
				035BEE622613D3D400015ADC /* HomeViewController.swift */,
			);
			path = Home;
			sourceTree = "<group>";
		};
		03A37429260AEF870011DC21 /* Profile */ = {
			isa = PBXGroup;
			children = (
				035BEE672613D58100015ADC /* EditProfileViewController.swift */,
				035BEE6C2613D59800015ADC /* MainProfileViewController.swift */,
			);
			path = Profile;
			sourceTree = "<group>";
		};
		03A3742A260AEF960011DC21 /* Settings */ = {
			isa = PBXGroup;
			children = (
				0363EF24263A6FC50044AAE1 /* AboutUsViewController.swift */,
				03A25B96262F6E30008C509F /* SettingsTableViewController.swift */,
				032AAB6F263354F100CE0F91 /* UpdateEmailViewController.swift */,
				0363EF22263A6E450044AAE1 /* ChangePasswordViewController.swift */,
			);
			path = Settings;
			sourceTree = "<group>";
		};
		03F2FBCA2602FD84008748E1 /* LegalDocs */ = {
			isa = PBXGroup;
			children = (
				03F2FBC32602FD7A008748E1 /* PrivacyPolicyViewController.swift */,
				03F2FBC42602FD7A008748E1 /* ToSViewController.swift */,
			);
			path = LegalDocs;
			sourceTree = "<group>";
		};
		03F2FBDF260304AB008748E1 /* Events */ = {
			isa = PBXGroup;
			children = (
				B1E4955E26090CF500F10A9E /* CreateNewEventViewController.swift */,
				0381BCF0260A8DA900168C48 /* AllEventsTableViewCell.swift */,
				0381BCF8260A8E3600168C48 /* MyEventsTableViewCell.swift */,
				0381BCFD260A8E4800168C48 /* MyEventsTableViewController.swift */,
				0381BD02260A8E5500168C48 /* AllEventsTableViewController.swift */,
				B1B328AB2617EB32003BCF34 /* EventDetailsViewController.swift */,
				B125CA762628E98E00E01AD5 /* CreatedEventsTableViewCell.swift */,
				B125CA7B2628E9DA00E01AD5 /* CreatedEventsTableViewController.swift */,
				B125CA8026290ABB00E01AD5 /* CreatorEventDetailsViewController.swift */,
				B125CA8526290AF600E01AD5 /* EditEventViewController.swift */,
				B125CA8A26290B3C00E01AD5 /* VolunteersTableViewCell.swift */,
				B125CA8F2629317900E01AD5 /* VolunteersTableViewController.swift */,
				03F277CC2630FD8D009E3D61 /* EventsTabBarController.swift */,
			);
			path = Events;
			sourceTree = "<group>";
		};
		98CC89DB25DCFCA4008E4A7B = {
			isa = PBXGroup;
			children = (
				0367F9F22623845E000CBE37 /* _Buttons */,
				B152DBFE25E36FD300A7DB17 /* SignUpLogin */,
				03A3740A260AEA860011DC21 /* Home */,
				03F2FBDF260304AB008748E1 /* Events */,
				03A37429260AEF870011DC21 /* Profile */,
				03A37409260AEA7F0011DC21 /* Search */,
				03A3742A260AEF960011DC21 /* Settings */,
				03F2FBCA2602FD84008748E1 /* LegalDocs */,
				98CC89E625DCFCA4008E4A7B /* Volunteer */,
				98CC89FD25DCFCA6008E4A7B /* VolunteerTests */,
				98CC8A0825DCFCA6008E4A7B /* VolunteerUITests */,
				98CC89E525DCFCA4008E4A7B /* Products */,
				DFFE09DD09581C2516445DF7 /* Pods */,
				F5E4D02690311A0A73082956 /* Frameworks */,
			);
			sourceTree = "<group>";
		};
		98CC89E525DCFCA4008E4A7B /* Products */ = {
			isa = PBXGroup;
			children = (
				98CC89E425DCFCA4008E4A7B /* Volunteer.app */,
				98CC89FA25DCFCA6008E4A7B /* VolunteerTests.xctest */,
				98CC8A0525DCFCA6008E4A7B /* VolunteerUITests.xctest */,
			);
			name = Products;
			sourceTree = "<group>";
		};
		98CC89E625DCFCA4008E4A7B /* Volunteer */ = {
			isa = PBXGroup;
			children = (
				98CC89E725DCFCA4008E4A7B /* AppDelegate.swift */,
				98CC89E925DCFCA4008E4A7B /* SceneDelegate.swift */,
				98CC89ED25DCFCA4008E4A7B /* Main.storyboard */,
				98CC89F225DCFCA5008E4A7B /* LaunchScreen.storyboard */,
				98CC89F025DCFCA5008E4A7B /* Assets.xcassets */,
				03A373FF260AE9430011DC21 /* Home.storyboard */,
				03F2FBD726030447008748E1 /* Events.storyboard */,
				03A37411260AED200011DC21 /* Profile.storyboard */,
				03A37404260AEA720011DC21 /* Search.storyboard */,
				03A37419260AEDA30011DC21 /* Settings.storyboard */,
				03F2FBAE2602FD13008748E1 /* LegalDocs.storyboard */,
				98CC89F525DCFCA6008E4A7B /* Info.plist */,
			);
			path = Volunteer;
			sourceTree = "<group>";
		};
		98CC89FD25DCFCA6008E4A7B /* VolunteerTests */ = {
			isa = PBXGroup;
			children = (
				98CC89FE25DCFCA6008E4A7B /* VolunteerTests.swift */,
				98CC8A0025DCFCA6008E4A7B /* Info.plist */,
			);
			path = VolunteerTests;
			sourceTree = "<group>";
		};
		98CC8A0825DCFCA6008E4A7B /* VolunteerUITests */ = {
			isa = PBXGroup;
			children = (
				98CC8A0925DCFCA6008E4A7B /* VolunteerUITests.swift */,
				98CC8A0B25DCFCA6008E4A7B /* Info.plist */,
			);
			path = VolunteerUITests;
			sourceTree = "<group>";
		};
		B152DBFE25E36FD300A7DB17 /* SignUpLogin */ = {
			isa = PBXGroup;
			children = (
				B152DC2D25E43F9A00A7DB17 /* ChangePassViewController.swift */,
				B152DC2825E43F6400A7DB17 /* CheckEmailViewController.swift */,
				032E50392621460B00A59F14 /* CreateProfileAllViewController.swift */,
				B152DC5F25E4417E00A7DB17 /* CreateProfileContinueViewController.swift */,
				B152DC5A25E4416000A7DB17 /* CreateProfileViewController.swift */,
				B152DC3725E4403100A7DB17 /* GreatViewController.swift */,
				B152DC0225E37C6B00A7DB17 /* HelperExtensions.swift */,
				B152DC0725E37C7E00A7DB17 /* ImageService.swift */,
				B152DC0C25E37C9100A7DB17 /* LoginViewController.swift */,
				03BC13FA25E5DAD60001E2E9 /* PassResetController.swift */,
				B152DC5525E4411200A7DB17 /* PrivacySettingViewController.swift */,
				B152DC2325E43EEA00A7DB17 /* ResetPassViewController.swift */,
				B152DC3C25E4404400A7DB17 /* SelectAgeViewController.swift */,
				B152DC6925E441BC00A7DB17 /* SelectInterestViewController.swift */,
				B152DC6425E4419F00A7DB17 /* SelectSkillsViewController.swift */,
				B152DC5025E440F800A7DB17 /* SetupProfileViewController.swift */,
				B152DC1B25E37CCF00A7DB17 /* SignUpViewController.swift */,
				B152DC3225E4400800A7DB17 /* VerifyEmailViewController.swift */,
			);
			path = SignUpLogin;
			sourceTree = "<group>";
		};
		DFFE09DD09581C2516445DF7 /* Pods */ = {
			isa = PBXGroup;
			children = (
				5BBF486254AF5EDB4FE84A37 /* Pods-Volunteer.debug.xcconfig */,
				0465753C1758BAB82A3169F4 /* Pods-Volunteer.release.xcconfig */,
				86369C264968F68EBBF8058C /* Pods-Volunteer-VolunteerUITests.debug.xcconfig */,
				1C361E8663E17DB86252A39F /* Pods-Volunteer-VolunteerUITests.release.xcconfig */,
				924C0482176AF7C1832AC450 /* Pods-VolunteerTests.debug.xcconfig */,
				66D23A9C3CF7DBB2AB963756 /* Pods-VolunteerTests.release.xcconfig */,
			);
			path = Pods;
			sourceTree = "<group>";
		};
		F5E4D02690311A0A73082956 /* Frameworks */ = {
			isa = PBXGroup;
			children = (
				9E7472CEAE76EF1A03265E59 /* Pods_Volunteer.framework */,
				B13A518CCA7D53725E1CFA0C /* Pods_Volunteer_VolunteerUITests.framework */,
				925FE17E549E5DEACAABA95C /* Pods_VolunteerTests.framework */,
			);
			name = Frameworks;
			sourceTree = "<group>";
		};
/* End PBXGroup section */

/* Begin PBXNativeTarget section */
		98CC89E325DCFCA4008E4A7B /* Volunteer */ = {
			isa = PBXNativeTarget;
			buildConfigurationList = 98CC8A0E25DCFCA6008E4A7B /* Build configuration list for PBXNativeTarget "Volunteer" */;
			buildPhases = (
				434AC5CA439B4BDBA045F59F /* [CP] Check Pods Manifest.lock */,
				98CC89E025DCFCA4008E4A7B /* Sources */,
				98CC89E125DCFCA4008E4A7B /* Frameworks */,
				98CC89E225DCFCA4008E4A7B /* Resources */,
				8A5B52F74588AAFF0F21BC41 /* [CP] Embed Pods Frameworks */,
			);
			buildRules = (
			);
			dependencies = (
			);
			name = Volunteer;
			productName = Volunteer;
			productReference = 98CC89E425DCFCA4008E4A7B /* Volunteer.app */;
			productType = "com.apple.product-type.application";
		};
		98CC89F925DCFCA6008E4A7B /* VolunteerTests */ = {
			isa = PBXNativeTarget;
			buildConfigurationList = 98CC8A1125DCFCA6008E4A7B /* Build configuration list for PBXNativeTarget "VolunteerTests" */;
			buildPhases = (
				0F345A8049394A3531461777 /* [CP] Check Pods Manifest.lock */,
				98CC89F625DCFCA6008E4A7B /* Sources */,
				98CC89F725DCFCA6008E4A7B /* Frameworks */,
				98CC89F825DCFCA6008E4A7B /* Resources */,
				39956C2640F91BFD7CBB6D9B /* [CP] Embed Pods Frameworks */,
			);
			buildRules = (
			);
			dependencies = (
				98CC89FC25DCFCA6008E4A7B /* PBXTargetDependency */,
			);
			name = VolunteerTests;
			productName = VolunteerTests;
			productReference = 98CC89FA25DCFCA6008E4A7B /* VolunteerTests.xctest */;
			productType = "com.apple.product-type.bundle.unit-test";
		};
		98CC8A0425DCFCA6008E4A7B /* VolunteerUITests */ = {
			isa = PBXNativeTarget;
			buildConfigurationList = 98CC8A1425DCFCA6008E4A7B /* Build configuration list for PBXNativeTarget "VolunteerUITests" */;
			buildPhases = (
				5E0ABB7C4E31051B748B90ED /* [CP] Check Pods Manifest.lock */,
				98CC8A0125DCFCA6008E4A7B /* Sources */,
				98CC8A0225DCFCA6008E4A7B /* Frameworks */,
				98CC8A0325DCFCA6008E4A7B /* Resources */,
				1EDA6D6276A4999EA9CE379E /* [CP] Embed Pods Frameworks */,
			);
			buildRules = (
			);
			dependencies = (
				98CC8A0725DCFCA6008E4A7B /* PBXTargetDependency */,
			);
			name = VolunteerUITests;
			productName = VolunteerUITests;
			productReference = 98CC8A0525DCFCA6008E4A7B /* VolunteerUITests.xctest */;
			productType = "com.apple.product-type.bundle.ui-testing";
		};
/* End PBXNativeTarget section */

/* Begin PBXProject section */
		98CC89DC25DCFCA4008E4A7B /* Project object */ = {
			isa = PBXProject;
			attributes = {
				LastSwiftUpdateCheck = 1240;
				LastUpgradeCheck = 1240;
				TargetAttributes = {
					98CC89E325DCFCA4008E4A7B = {
						CreatedOnToolsVersion = 12.4;
					};
					98CC89F925DCFCA6008E4A7B = {
						CreatedOnToolsVersion = 12.4;
						TestTargetID = 98CC89E325DCFCA4008E4A7B;
					};
					98CC8A0425DCFCA6008E4A7B = {
						CreatedOnToolsVersion = 12.4;
						TestTargetID = 98CC89E325DCFCA4008E4A7B;
					};
				};
			};
			buildConfigurationList = 98CC89DF25DCFCA4008E4A7B /* Build configuration list for PBXProject "Volunteer" */;
			compatibilityVersion = "Xcode 9.3";
			developmentRegion = en;
			hasScannedForEncodings = 0;
			knownRegions = (
				en,
				Base,
			);
			mainGroup = 98CC89DB25DCFCA4008E4A7B;
			productRefGroup = 98CC89E525DCFCA4008E4A7B /* Products */;
			projectDirPath = "";
			projectRoot = "";
			targets = (
				98CC89E325DCFCA4008E4A7B /* Volunteer */,
				98CC89F925DCFCA6008E4A7B /* VolunteerTests */,
				98CC8A0425DCFCA6008E4A7B /* VolunteerUITests */,
			);
		};
/* End PBXProject section */

/* Begin PBXResourcesBuildPhase section */
		98CC89E225DCFCA4008E4A7B /* Resources */ = {
			isa = PBXResourcesBuildPhase;
			buildActionMask = 2147483647;
			files = (
				03BC13F625E5C6AD0001E2E9 /* Main.storyboard in Resources */,
				03F2FBAF2602FD13008748E1 /* LegalDocs.storyboard in Resources */,
				98CC89F425DCFCA5008E4A7B /* LaunchScreen.storyboard in Resources */,
				03A37400260AE9430011DC21 /* Home.storyboard in Resources */,
				03A37405260AEA720011DC21 /* Search.storyboard in Resources */,
				03A3741A260AEDA30011DC21 /* Settings.storyboard in Resources */,
				7A893BB9262BA33C006EC6EC /* Profile.storyboard in Resources */,
				98CC89F125DCFCA5008E4A7B /* Assets.xcassets in Resources */,
				03F2FBD826030447008748E1 /* Events.storyboard in Resources */,
			);
			runOnlyForDeploymentPostprocessing = 0;
		};
		98CC89F825DCFCA6008E4A7B /* Resources */ = {
			isa = PBXResourcesBuildPhase;
			buildActionMask = 2147483647;
			files = (
			);
			runOnlyForDeploymentPostprocessing = 0;
		};
		98CC8A0325DCFCA6008E4A7B /* Resources */ = {
			isa = PBXResourcesBuildPhase;
			buildActionMask = 2147483647;
			files = (
			);
			runOnlyForDeploymentPostprocessing = 0;
		};
/* End PBXResourcesBuildPhase section */

/* Begin PBXShellScriptBuildPhase section */
		0F345A8049394A3531461777 /* [CP] Check Pods Manifest.lock */ = {
			isa = PBXShellScriptBuildPhase;
			buildActionMask = 2147483647;
			files = (
			);
			inputFileListPaths = (
			);
			inputPaths = (
				"${PODS_PODFILE_DIR_PATH}/Podfile.lock",
				"${PODS_ROOT}/Manifest.lock",
			);
			name = "[CP] Check Pods Manifest.lock";
			outputFileListPaths = (
			);
			outputPaths = (
				"$(DERIVED_FILE_DIR)/Pods-VolunteerTests-checkManifestLockResult.txt",
			);
			runOnlyForDeploymentPostprocessing = 0;
			shellPath = /bin/sh;
			shellScript = "diff \"${PODS_PODFILE_DIR_PATH}/Podfile.lock\" \"${PODS_ROOT}/Manifest.lock\" > /dev/null\nif [ $? != 0 ] ; then\n    # print error to STDERR\n    echo \"error: The sandbox is not in sync with the Podfile.lock. Run 'pod install' or update your CocoaPods installation.\" >&2\n    exit 1\nfi\n# This output is used by Xcode 'outputs' to avoid re-running this script phase.\necho \"SUCCESS\" > \"${SCRIPT_OUTPUT_FILE_0}\"\n";
			showEnvVarsInLog = 0;
		};
		1EDA6D6276A4999EA9CE379E /* [CP] Embed Pods Frameworks */ = {
			isa = PBXShellScriptBuildPhase;
			buildActionMask = 2147483647;
			files = (
			);
			inputFileListPaths = (
				"${PODS_ROOT}/Target Support Files/Pods-Volunteer-VolunteerUITests/Pods-Volunteer-VolunteerUITests-frameworks-${CONFIGURATION}-input-files.xcfilelist",
			);
			name = "[CP] Embed Pods Frameworks";
			outputFileListPaths = (
				"${PODS_ROOT}/Target Support Files/Pods-Volunteer-VolunteerUITests/Pods-Volunteer-VolunteerUITests-frameworks-${CONFIGURATION}-output-files.xcfilelist",
			);
			runOnlyForDeploymentPostprocessing = 0;
			shellPath = /bin/sh;
			shellScript = "\"${PODS_ROOT}/Target Support Files/Pods-Volunteer-VolunteerUITests/Pods-Volunteer-VolunteerUITests-frameworks.sh\"\n";
			showEnvVarsInLog = 0;
		};
		39956C2640F91BFD7CBB6D9B /* [CP] Embed Pods Frameworks */ = {
			isa = PBXShellScriptBuildPhase;
			buildActionMask = 2147483647;
			files = (
			);
			inputFileListPaths = (
				"${PODS_ROOT}/Target Support Files/Pods-VolunteerTests/Pods-VolunteerTests-frameworks-${CONFIGURATION}-input-files.xcfilelist",
			);
			name = "[CP] Embed Pods Frameworks";
			outputFileListPaths = (
				"${PODS_ROOT}/Target Support Files/Pods-VolunteerTests/Pods-VolunteerTests-frameworks-${CONFIGURATION}-output-files.xcfilelist",
			);
			runOnlyForDeploymentPostprocessing = 0;
			shellPath = /bin/sh;
			shellScript = "\"${PODS_ROOT}/Target Support Files/Pods-VolunteerTests/Pods-VolunteerTests-frameworks.sh\"\n";
			showEnvVarsInLog = 0;
		};
		434AC5CA439B4BDBA045F59F /* [CP] Check Pods Manifest.lock */ = {
			isa = PBXShellScriptBuildPhase;
			buildActionMask = 2147483647;
			files = (
			);
			inputFileListPaths = (
			);
			inputPaths = (
				"${PODS_PODFILE_DIR_PATH}/Podfile.lock",
				"${PODS_ROOT}/Manifest.lock",
			);
			name = "[CP] Check Pods Manifest.lock";
			outputFileListPaths = (
			);
			outputPaths = (
				"$(DERIVED_FILE_DIR)/Pods-Volunteer-checkManifestLockResult.txt",
			);
			runOnlyForDeploymentPostprocessing = 0;
			shellPath = /bin/sh;
			shellScript = "diff \"${PODS_PODFILE_DIR_PATH}/Podfile.lock\" \"${PODS_ROOT}/Manifest.lock\" > /dev/null\nif [ $? != 0 ] ; then\n    # print error to STDERR\n    echo \"error: The sandbox is not in sync with the Podfile.lock. Run 'pod install' or update your CocoaPods installation.\" >&2\n    exit 1\nfi\n# This output is used by Xcode 'outputs' to avoid re-running this script phase.\necho \"SUCCESS\" > \"${SCRIPT_OUTPUT_FILE_0}\"\n";
			showEnvVarsInLog = 0;
		};
		5E0ABB7C4E31051B748B90ED /* [CP] Check Pods Manifest.lock */ = {
			isa = PBXShellScriptBuildPhase;
			buildActionMask = 2147483647;
			files = (
			);
			inputFileListPaths = (
			);
			inputPaths = (
				"${PODS_PODFILE_DIR_PATH}/Podfile.lock",
				"${PODS_ROOT}/Manifest.lock",
			);
			name = "[CP] Check Pods Manifest.lock";
			outputFileListPaths = (
			);
			outputPaths = (
				"$(DERIVED_FILE_DIR)/Pods-Volunteer-VolunteerUITests-checkManifestLockResult.txt",
			);
			runOnlyForDeploymentPostprocessing = 0;
			shellPath = /bin/sh;
			shellScript = "diff \"${PODS_PODFILE_DIR_PATH}/Podfile.lock\" \"${PODS_ROOT}/Manifest.lock\" > /dev/null\nif [ $? != 0 ] ; then\n    # print error to STDERR\n    echo \"error: The sandbox is not in sync with the Podfile.lock. Run 'pod install' or update your CocoaPods installation.\" >&2\n    exit 1\nfi\n# This output is used by Xcode 'outputs' to avoid re-running this script phase.\necho \"SUCCESS\" > \"${SCRIPT_OUTPUT_FILE_0}\"\n";
			showEnvVarsInLog = 0;
		};
		8A5B52F74588AAFF0F21BC41 /* [CP] Embed Pods Frameworks */ = {
			isa = PBXShellScriptBuildPhase;
			buildActionMask = 2147483647;
			files = (
			);
			inputFileListPaths = (
				"${PODS_ROOT}/Target Support Files/Pods-Volunteer/Pods-Volunteer-frameworks-${CONFIGURATION}-input-files.xcfilelist",
			);
			name = "[CP] Embed Pods Frameworks";
			outputFileListPaths = (
				"${PODS_ROOT}/Target Support Files/Pods-Volunteer/Pods-Volunteer-frameworks-${CONFIGURATION}-output-files.xcfilelist",
			);
			runOnlyForDeploymentPostprocessing = 0;
			shellPath = /bin/sh;
			shellScript = "\"${PODS_ROOT}/Target Support Files/Pods-Volunteer/Pods-Volunteer-frameworks.sh\"\n";
			showEnvVarsInLog = 0;
		};
/* End PBXShellScriptBuildPhase section */

/* Begin PBXSourcesBuildPhase section */
		98CC89E025DCFCA4008E4A7B /* Sources */ = {
			isa = PBXSourcesBuildPhase;
			buildActionMask = 2147483647;
			files = (
				03F2FBC62602FD7A008748E1 /* ToSViewController.swift in Sources */,
				0381BCFE260A8E4800168C48 /* MyEventsTableViewController.swift in Sources */,
				B152DC0D25E37C9100A7DB17 /* LoginViewController.swift in Sources */,
				03F2FBC52602FD7A008748E1 /* PrivacyPolicyViewController.swift in Sources */,
				B152DC1725E37CBE00A7DB17 /* RoundedWhiteButton.swift in Sources */,
				B152DC6525E4419F00A7DB17 /* SelectSkillsViewController.swift in Sources */,
				B152DC3D25E4404400A7DB17 /* SelectAgeViewController.swift in Sources */,
				03BC13FB25E5DAD60001E2E9 /* PassResetController.swift in Sources */,
				B152DC5625E4411200A7DB17 /* PrivacySettingViewController.swift in Sources */,
				B152DC2925E43F6400A7DB17 /* CheckEmailViewController.swift in Sources */,
				0363EF20263A6C5B0044AAE1 /* EditProfileViewController.swift in Sources */,
				B152DC0325E37C6B00A7DB17 /* HelperExtensions.swift in Sources */,
				B152DC3825E4403100A7DB17 /* GreatViewController.swift in Sources */,
				0363EF21263A6C5F0044AAE1 /* MainProfileViewController.swift in Sources */,
				98CC89E825DCFCA4008E4A7B /* AppDelegate.swift in Sources */,
				0381BCF9260A8E3600168C48 /* MyEventsTableViewCell.swift in Sources */,
				0363EF25263A6FC50044AAE1 /* AboutUsViewController.swift in Sources */,
				B125CA8626290AF600E01AD5 /* EditEventViewController.swift in Sources */,
				B1E4955F26090CF500F10A9E /* CreateNewEventViewController.swift in Sources */,
				7A98C719261E83C200798493 /* SearchEventCell.swift in Sources */,
				B152DC1C25E37CCF00A7DB17 /* SignUpViewController.swift in Sources */,
				B152DC2425E43EEA00A7DB17 /* ResetPassViewController.swift in Sources */,
				0367FA082623EAFE000CBE37 /* SearchTableViewController.swift in Sources */,
				0381BCF1260A8DA900168C48 /* AllEventsTableViewCell.swift in Sources */,
				B125CA902629317A00E01AD5 /* VolunteersTableViewController.swift in Sources */,
				035BEE632613D3D400015ADC /* HomeViewController.swift in Sources */,
				032E503A2621460B00A59F14 /* CreateProfileAllViewController.swift in Sources */,
				B125CA7C2628E9DA00E01AD5 /* CreatedEventsTableViewController.swift in Sources */,
				B125CA8B26290B3C00E01AD5 /* VolunteersTableViewCell.swift in Sources */,
				03F277CD2630FD8D009E3D61 /* EventsTabBarController.swift in Sources */,
				B152DC6025E4417E00A7DB17 /* CreateProfileContinueViewController.swift in Sources */,
				0381BD03260A8E5500168C48 /* AllEventsTableViewController.swift in Sources */,
				B152DC5B25E4416000A7DB17 /* CreateProfileViewController.swift in Sources */,
				B152DC2E25E43F9A00A7DB17 /* ChangePassViewController.swift in Sources */,
				B125CA772628E98E00E01AD5 /* CreatedEventsTableViewCell.swift in Sources */,
				03A25B97262F6E30008C509F /* SettingsTableViewController.swift in Sources */,
				B152DC6A25E441BC00A7DB17 /* SelectInterestViewController.swift in Sources */,
				B152DC3325E4400800A7DB17 /* VerifyEmailViewController.swift in Sources */,
				B152DC0825E37C7E00A7DB17 /* ImageService.swift in Sources */,
				0367F9F4262384A3000CBE37 /* BackButton.swift in Sources */,
				B152DC5125E440F800A7DB17 /* SetupProfileViewController.swift in Sources */,
				032AAB70263354F100CE0F91 /* UpdateEmailViewController.swift in Sources */,
				0363EF23263A6E450044AAE1 /* ChangePasswordViewController.swift in Sources */,
				98CC89EA25DCFCA4008E4A7B /* SceneDelegate.swift in Sources */,
				B1B328AC2617EB32003BCF34 /* EventDetailsViewController.swift in Sources */,
				B125CA8126290ABB00E01AD5 /* CreatorEventDetailsViewController.swift in Sources */,
			);
			runOnlyForDeploymentPostprocessing = 0;
		};
		98CC89F625DCFCA6008E4A7B /* Sources */ = {
			isa = PBXSourcesBuildPhase;
			buildActionMask = 2147483647;
			files = (
				98CC89FF25DCFCA6008E4A7B /* VolunteerTests.swift in Sources */,
			);
			runOnlyForDeploymentPostprocessing = 0;
		};
		98CC8A0125DCFCA6008E4A7B /* Sources */ = {
			isa = PBXSourcesBuildPhase;
			buildActionMask = 2147483647;
			files = (
				98CC8A0A25DCFCA6008E4A7B /* VolunteerUITests.swift in Sources */,
			);
			runOnlyForDeploymentPostprocessing = 0;
		};
/* End PBXSourcesBuildPhase section */

/* Begin PBXTargetDependency section */
		98CC89FC25DCFCA6008E4A7B /* PBXTargetDependency */ = {
			isa = PBXTargetDependency;
			target = 98CC89E325DCFCA4008E4A7B /* Volunteer */;
			targetProxy = 98CC89FB25DCFCA6008E4A7B /* PBXContainerItemProxy */;
		};
		98CC8A0725DCFCA6008E4A7B /* PBXTargetDependency */ = {
			isa = PBXTargetDependency;
			target = 98CC89E325DCFCA4008E4A7B /* Volunteer */;
			targetProxy = 98CC8A0625DCFCA6008E4A7B /* PBXContainerItemProxy */;
		};
/* End PBXTargetDependency section */

/* Begin PBXVariantGroup section */
		98CC89ED25DCFCA4008E4A7B /* Main.storyboard */ = {
			isa = PBXVariantGroup;
			children = (
				98CC89EE25DCFCA4008E4A7B /* Base */,
			);
			name = Main.storyboard;
			sourceTree = "<group>";
		};
		98CC89F225DCFCA5008E4A7B /* LaunchScreen.storyboard */ = {
			isa = PBXVariantGroup;
			children = (
				98CC89F325DCFCA5008E4A7B /* Base */,
			);
			name = LaunchScreen.storyboard;
			sourceTree = "<group>";
		};
/* End PBXVariantGroup section */

/* Begin XCBuildConfiguration section */
		98CC8A0C25DCFCA6008E4A7B /* Debug */ = {
			isa = XCBuildConfiguration;
			buildSettings = {
				ALWAYS_SEARCH_USER_PATHS = NO;
				CLANG_ANALYZER_NONNULL = YES;
				CLANG_ANALYZER_NUMBER_OBJECT_CONVERSION = YES_AGGRESSIVE;
				CLANG_CXX_LANGUAGE_STANDARD = "gnu++14";
				CLANG_CXX_LIBRARY = "libc++";
				CLANG_ENABLE_MODULES = YES;
				CLANG_ENABLE_OBJC_ARC = YES;
				CLANG_ENABLE_OBJC_WEAK = YES;
				CLANG_WARN_BLOCK_CAPTURE_AUTORELEASING = YES;
				CLANG_WARN_BOOL_CONVERSION = YES;
				CLANG_WARN_COMMA = YES;
				CLANG_WARN_CONSTANT_CONVERSION = YES;
				CLANG_WARN_DEPRECATED_OBJC_IMPLEMENTATIONS = YES;
				CLANG_WARN_DIRECT_OBJC_ISA_USAGE = YES_ERROR;
				CLANG_WARN_DOCUMENTATION_COMMENTS = YES;
				CLANG_WARN_EMPTY_BODY = YES;
				CLANG_WARN_ENUM_CONVERSION = YES;
				CLANG_WARN_INFINITE_RECURSION = YES;
				CLANG_WARN_INT_CONVERSION = YES;
				CLANG_WARN_NON_LITERAL_NULL_CONVERSION = YES;
				CLANG_WARN_OBJC_IMPLICIT_RETAIN_SELF = YES;
				CLANG_WARN_OBJC_LITERAL_CONVERSION = YES;
				CLANG_WARN_OBJC_ROOT_CLASS = YES_ERROR;
				CLANG_WARN_QUOTED_INCLUDE_IN_FRAMEWORK_HEADER = YES;
				CLANG_WARN_RANGE_LOOP_ANALYSIS = YES;
				CLANG_WARN_STRICT_PROTOTYPES = YES;
				CLANG_WARN_SUSPICIOUS_MOVE = YES;
				CLANG_WARN_UNGUARDED_AVAILABILITY = YES_AGGRESSIVE;
				CLANG_WARN_UNREACHABLE_CODE = YES;
				CLANG_WARN__DUPLICATE_METHOD_MATCH = YES;
				COPY_PHASE_STRIP = NO;
				DEBUG_INFORMATION_FORMAT = dwarf;
				ENABLE_STRICT_OBJC_MSGSEND = YES;
				ENABLE_TESTABILITY = YES;
				GCC_C_LANGUAGE_STANDARD = gnu11;
				GCC_DYNAMIC_NO_PIC = NO;
				GCC_NO_COMMON_BLOCKS = YES;
				GCC_OPTIMIZATION_LEVEL = 0;
				GCC_PREPROCESSOR_DEFINITIONS = (
					"DEBUG=1",
					"$(inherited)",
				);
				GCC_WARN_64_TO_32_BIT_CONVERSION = YES;
				GCC_WARN_ABOUT_RETURN_TYPE = YES_ERROR;
				GCC_WARN_UNDECLARED_SELECTOR = YES;
				GCC_WARN_UNINITIALIZED_AUTOS = YES_AGGRESSIVE;
				GCC_WARN_UNUSED_FUNCTION = YES;
				GCC_WARN_UNUSED_VARIABLE = YES;
				IPHONEOS_DEPLOYMENT_TARGET = 14.4;
				MTL_ENABLE_DEBUG_INFO = INCLUDE_SOURCE;
				MTL_FAST_MATH = YES;
				ONLY_ACTIVE_ARCH = YES;
				SDKROOT = iphoneos;
				SWIFT_ACTIVE_COMPILATION_CONDITIONS = DEBUG;
				SWIFT_OPTIMIZATION_LEVEL = "-Onone";
			};
			name = Debug;
		};
		98CC8A0D25DCFCA6008E4A7B /* Release */ = {
			isa = XCBuildConfiguration;
			buildSettings = {
				ALWAYS_SEARCH_USER_PATHS = NO;
				CLANG_ANALYZER_NONNULL = YES;
				CLANG_ANALYZER_NUMBER_OBJECT_CONVERSION = YES_AGGRESSIVE;
				CLANG_CXX_LANGUAGE_STANDARD = "gnu++14";
				CLANG_CXX_LIBRARY = "libc++";
				CLANG_ENABLE_MODULES = YES;
				CLANG_ENABLE_OBJC_ARC = YES;
				CLANG_ENABLE_OBJC_WEAK = YES;
				CLANG_WARN_BLOCK_CAPTURE_AUTORELEASING = YES;
				CLANG_WARN_BOOL_CONVERSION = YES;
				CLANG_WARN_COMMA = YES;
				CLANG_WARN_CONSTANT_CONVERSION = YES;
				CLANG_WARN_DEPRECATED_OBJC_IMPLEMENTATIONS = YES;
				CLANG_WARN_DIRECT_OBJC_ISA_USAGE = YES_ERROR;
				CLANG_WARN_DOCUMENTATION_COMMENTS = YES;
				CLANG_WARN_EMPTY_BODY = YES;
				CLANG_WARN_ENUM_CONVERSION = YES;
				CLANG_WARN_INFINITE_RECURSION = YES;
				CLANG_WARN_INT_CONVERSION = YES;
				CLANG_WARN_NON_LITERAL_NULL_CONVERSION = YES;
				CLANG_WARN_OBJC_IMPLICIT_RETAIN_SELF = YES;
				CLANG_WARN_OBJC_LITERAL_CONVERSION = YES;
				CLANG_WARN_OBJC_ROOT_CLASS = YES_ERROR;
				CLANG_WARN_QUOTED_INCLUDE_IN_FRAMEWORK_HEADER = YES;
				CLANG_WARN_RANGE_LOOP_ANALYSIS = YES;
				CLANG_WARN_STRICT_PROTOTYPES = YES;
				CLANG_WARN_SUSPICIOUS_MOVE = YES;
				CLANG_WARN_UNGUARDED_AVAILABILITY = YES_AGGRESSIVE;
				CLANG_WARN_UNREACHABLE_CODE = YES;
				CLANG_WARN__DUPLICATE_METHOD_MATCH = YES;
				COPY_PHASE_STRIP = NO;
				DEBUG_INFORMATION_FORMAT = "dwarf-with-dsym";
				ENABLE_NS_ASSERTIONS = NO;
				ENABLE_STRICT_OBJC_MSGSEND = YES;
				GCC_C_LANGUAGE_STANDARD = gnu11;
				GCC_NO_COMMON_BLOCKS = YES;
				GCC_WARN_64_TO_32_BIT_CONVERSION = YES;
				GCC_WARN_ABOUT_RETURN_TYPE = YES_ERROR;
				GCC_WARN_UNDECLARED_SELECTOR = YES;
				GCC_WARN_UNINITIALIZED_AUTOS = YES_AGGRESSIVE;
				GCC_WARN_UNUSED_FUNCTION = YES;
				GCC_WARN_UNUSED_VARIABLE = YES;
				IPHONEOS_DEPLOYMENT_TARGET = 14.4;
				MTL_ENABLE_DEBUG_INFO = NO;
				MTL_FAST_MATH = YES;
				SDKROOT = iphoneos;
				SWIFT_COMPILATION_MODE = wholemodule;
				SWIFT_OPTIMIZATION_LEVEL = "-O";
				VALIDATE_PRODUCT = YES;
			};
			name = Release;
		};
		98CC8A0F25DCFCA6008E4A7B /* Debug */ = {
			isa = XCBuildConfiguration;
			baseConfigurationReference = 5BBF486254AF5EDB4FE84A37 /* Pods-Volunteer.debug.xcconfig */;
			buildSettings = {
				ASSETCATALOG_COMPILER_APPICON_NAME = AppIcon;
				ASSETCATALOG_COMPILER_GLOBAL_ACCENT_COLOR_NAME = AccentColor;
				CODE_SIGN_STYLE = Automatic;
				DEVELOPMENT_TEAM = L69H2MVA69;
				INFOPLIST_FILE = Volunteer/Info.plist;
				LD_RUNPATH_SEARCH_PATHS = (
					"$(inherited)",
					"@executable_path/Frameworks",
				);
				PRODUCT_BUNDLE_IDENTIFIER = com.StephenBaity;
				PRODUCT_NAME = "$(TARGET_NAME)";
				SWIFT_VERSION = 5.0;
				TARGETED_DEVICE_FAMILY = "1,2";
			};
			name = Debug;
		};
		98CC8A1025DCFCA6008E4A7B /* Release */ = {
			isa = XCBuildConfiguration;
			baseConfigurationReference = 0465753C1758BAB82A3169F4 /* Pods-Volunteer.release.xcconfig */;
			buildSettings = {
				ASSETCATALOG_COMPILER_APPICON_NAME = AppIcon;
				ASSETCATALOG_COMPILER_GLOBAL_ACCENT_COLOR_NAME = AccentColor;
				CODE_SIGN_STYLE = Automatic;
				DEVELOPMENT_TEAM = L69H2MVA69;
				INFOPLIST_FILE = Volunteer/Info.plist;
				LD_RUNPATH_SEARCH_PATHS = (
					"$(inherited)",
					"@executable_path/Frameworks",
				);
				PRODUCT_BUNDLE_IDENTIFIER = com.StephenBaity;
				PRODUCT_NAME = "$(TARGET_NAME)";
				SWIFT_VERSION = 5.0;
				TARGETED_DEVICE_FAMILY = "1,2";
			};
			name = Release;
		};
		98CC8A1225DCFCA6008E4A7B /* Debug */ = {
			isa = XCBuildConfiguration;
			baseConfigurationReference = 924C0482176AF7C1832AC450 /* Pods-VolunteerTests.debug.xcconfig */;
			buildSettings = {
				ALWAYS_EMBED_SWIFT_STANDARD_LIBRARIES = YES;
				BUNDLE_LOADER = "$(TEST_HOST)";
				CODE_SIGN_STYLE = Automatic;
				DEVELOPMENT_TEAM = P55B42XB2T;
				INFOPLIST_FILE = VolunteerTests/Info.plist;
				IPHONEOS_DEPLOYMENT_TARGET = 14.4;
				LD_RUNPATH_SEARCH_PATHS = (
					"$(inherited)",
					"@executable_path/Frameworks",
					"@loader_path/Frameworks",
				);
				PRODUCT_BUNDLE_IDENTIFIER = outreach1.VolunteerTests;
				PRODUCT_NAME = "$(TARGET_NAME)";
				SWIFT_VERSION = 5.0;
				TARGETED_DEVICE_FAMILY = "1,2";
				TEST_HOST = "$(BUILT_PRODUCTS_DIR)/Volunteer.app/Volunteer";
			};
			name = Debug;
		};
		98CC8A1325DCFCA6008E4A7B /* Release */ = {
			isa = XCBuildConfiguration;
			baseConfigurationReference = 66D23A9C3CF7DBB2AB963756 /* Pods-VolunteerTests.release.xcconfig */;
			buildSettings = {
				ALWAYS_EMBED_SWIFT_STANDARD_LIBRARIES = YES;
				BUNDLE_LOADER = "$(TEST_HOST)";
				CODE_SIGN_STYLE = Automatic;
				DEVELOPMENT_TEAM = P55B42XB2T;
				INFOPLIST_FILE = VolunteerTests/Info.plist;
				IPHONEOS_DEPLOYMENT_TARGET = 14.4;
				LD_RUNPATH_SEARCH_PATHS = (
					"$(inherited)",
					"@executable_path/Frameworks",
					"@loader_path/Frameworks",
				);
				PRODUCT_BUNDLE_IDENTIFIER = outreach1.VolunteerTests;
				PRODUCT_NAME = "$(TARGET_NAME)";
				SWIFT_VERSION = 5.0;
				TARGETED_DEVICE_FAMILY = "1,2";
				TEST_HOST = "$(BUILT_PRODUCTS_DIR)/Volunteer.app/Volunteer";
			};
			name = Release;
		};
		98CC8A1525DCFCA6008E4A7B /* Debug */ = {
			isa = XCBuildConfiguration;
			baseConfigurationReference = 86369C264968F68EBBF8058C /* Pods-Volunteer-VolunteerUITests.debug.xcconfig */;
			buildSettings = {
				ALWAYS_EMBED_SWIFT_STANDARD_LIBRARIES = YES;
				CODE_SIGN_STYLE = Automatic;
				DEVELOPMENT_TEAM = P55B42XB2T;
				INFOPLIST_FILE = VolunteerUITests/Info.plist;
				LD_RUNPATH_SEARCH_PATHS = (
					"$(inherited)",
					"@executable_path/Frameworks",
					"@loader_path/Frameworks",
				);
				PRODUCT_BUNDLE_IDENTIFIER = outreach1.VolunteerUITests;
				PRODUCT_NAME = "$(TARGET_NAME)";
				SWIFT_VERSION = 5.0;
				TARGETED_DEVICE_FAMILY = "1,2";
				TEST_TARGET_NAME = Volunteer;
			};
			name = Debug;
		};
		98CC8A1625DCFCA6008E4A7B /* Release */ = {
			isa = XCBuildConfiguration;
			baseConfigurationReference = 1C361E8663E17DB86252A39F /* Pods-Volunteer-VolunteerUITests.release.xcconfig */;
			buildSettings = {
				ALWAYS_EMBED_SWIFT_STANDARD_LIBRARIES = YES;
				CODE_SIGN_STYLE = Automatic;
				DEVELOPMENT_TEAM = P55B42XB2T;
				INFOPLIST_FILE = VolunteerUITests/Info.plist;
				LD_RUNPATH_SEARCH_PATHS = (
					"$(inherited)",
					"@executable_path/Frameworks",
					"@loader_path/Frameworks",
				);
				PRODUCT_BUNDLE_IDENTIFIER = outreach1.VolunteerUITests;
				PRODUCT_NAME = "$(TARGET_NAME)";
				SWIFT_VERSION = 5.0;
				TARGETED_DEVICE_FAMILY = "1,2";
				TEST_TARGET_NAME = Volunteer;
			};
			name = Release;
		};
/* End XCBuildConfiguration section */

/* Begin XCConfigurationList section */
		98CC89DF25DCFCA4008E4A7B /* Build configuration list for PBXProject "Volunteer" */ = {
			isa = XCConfigurationList;
			buildConfigurations = (
				98CC8A0C25DCFCA6008E4A7B /* Debug */,
				98CC8A0D25DCFCA6008E4A7B /* Release */,
			);
			defaultConfigurationIsVisible = 0;
			defaultConfigurationName = Release;
		};
		98CC8A0E25DCFCA6008E4A7B /* Build configuration list for PBXNativeTarget "Volunteer" */ = {
			isa = XCConfigurationList;
			buildConfigurations = (
				98CC8A0F25DCFCA6008E4A7B /* Debug */,
				98CC8A1025DCFCA6008E4A7B /* Release */,
			);
			defaultConfigurationIsVisible = 0;
			defaultConfigurationName = Release;
		};
		98CC8A1125DCFCA6008E4A7B /* Build configuration list for PBXNativeTarget "VolunteerTests" */ = {
			isa = XCConfigurationList;
			buildConfigurations = (
				98CC8A1225DCFCA6008E4A7B /* Debug */,
				98CC8A1325DCFCA6008E4A7B /* Release */,
			);
			defaultConfigurationIsVisible = 0;
			defaultConfigurationName = Release;
		};
		98CC8A1425DCFCA6008E4A7B /* Build configuration list for PBXNativeTarget "VolunteerUITests" */ = {
			isa = XCConfigurationList;
			buildConfigurations = (
				98CC8A1525DCFCA6008E4A7B /* Debug */,
				98CC8A1625DCFCA6008E4A7B /* Release */,
			);
			defaultConfigurationIsVisible = 0;
			defaultConfigurationName = Release;
		};
/* End XCConfigurationList section */
	};
	rootObject = 98CC89DC25DCFCA4008E4A7B /* Project object */;
}
