// !$*UTF8*$!
{
	archiveVersion = 1;
	classes = {
	};
	objectVersion = 51;
	objects = {

/* Begin PBXBuildFile section */
		0307E96925DB57E000A5A58C /* Senior_ProjectTests.swift in Sources */ = {isa = PBXBuildFile; fileRef = 0307E96825DB57E000A5A58C /* Senior_ProjectTests.swift */; };
		0307E97425DB57E000A5A58C /* Senior_ProjectUITests.swift in Sources */ = {isa = PBXBuildFile; fileRef = 0307E97325DB57E000A5A58C /* Senior_ProjectUITests.swift */; };
		463554878F8822BFA10076AE /* Pods_SeniorProject.framework in Frameworks */ = {isa = PBXBuildFile; fileRef = A7791494C92EC039A28BB321 /* Pods_SeniorProject.framework */; };
		5DFB173816759D3D95E7F556 /* Pods_Senior_ProjectTests.framework in Frameworks */ = {isa = PBXBuildFile; fileRef = E836785CD4C13BF288E723B8 /* Pods_Senior_ProjectTests.framework */; };
		62330A6925B7F2C1007F7658 /* AppDelegate.swift in Sources */ = {isa = PBXBuildFile; fileRef = 62330A6825B7F2C1007F7658 /* AppDelegate.swift */; };
		62330A6B25B7F2C1007F7658 /* SceneDelegate.swift in Sources */ = {isa = PBXBuildFile; fileRef = 62330A6A25B7F2C1007F7658 /* SceneDelegate.swift */; };
		62330A6D25B7F2C1007F7658 /* ViewController.swift in Sources */ = {isa = PBXBuildFile; fileRef = 62330A6C25B7F2C1007F7658 /* ViewController.swift */; };
		62330A7025B7F2C1007F7658 /* Main.storyboard in Resources */ = {isa = PBXBuildFile; fileRef = 62330A6E25B7F2C1007F7658 /* Main.storyboard */; };
		62330A7225B7F2C2007F7658 /* Assets.xcassets in Resources */ = {isa = PBXBuildFile; fileRef = 62330A7125B7F2C2007F7658 /* Assets.xcassets */; };
		62330A7525B7F2C2007F7658 /* LaunchScreen.storyboard in Resources */ = {isa = PBXBuildFile; fileRef = 62330A7325B7F2C2007F7658 /* LaunchScreen.storyboard */; };
		62330A8025B7F2C2007F7658 /* SeniorProjectTests.swift in Sources */ = {isa = PBXBuildFile; fileRef = 62330A7F25B7F2C2007F7658 /* SeniorProjectTests.swift */; };
		62330A8B25B7F2C2007F7658 /* SeniorProjectUITests.swift in Sources */ = {isa = PBXBuildFile; fileRef = 62330A8A25B7F2C2007F7658 /* SeniorProjectUITests.swift */; };
		623942ED25DD1CF20069B244 /* SettingsViewController.swift in Sources */ = {isa = PBXBuildFile; fileRef = 623942EC25DD1CF20069B244 /* SettingsViewController.swift */; };
		623942F525DD1D040069B244 /* InfoViewController.swift in Sources */ = {isa = PBXBuildFile; fileRef = 623942F425DD1D040069B244 /* InfoViewController.swift */; };
		623942FD25DD1EC70069B244 /* SideMenu.swift in Sources */ = {isa = PBXBuildFile; fileRef = 623942FC25DD1EC70069B244 /* SideMenu.swift */; };
		6FED73C8910A1ED688B192F0 /* Pods_Senior_Project.framework in Frameworks */ = {isa = PBXBuildFile; fileRef = 7C64B0B974BAA9090262FE8E /* Pods_Senior_Project.framework */; };
		B1B84C2525D6026100464FA2 /* MenuViewController.swift in Sources */ = {isa = PBXBuildFile; fileRef = B1B84C2425D6026100464FA2 /* MenuViewController.swift */; };
		B1B84C2725D6033700464FA2 /* HelperExtensions.swift in Sources */ = {isa = PBXBuildFile; fileRef = B1B84C2625D6033700464FA2 /* HelperExtensions.swift */; };
		B1B84C2925D6174F00464FA2 /* LoginViewController.swift in Sources */ = {isa = PBXBuildFile; fileRef = B1B84C2825D6174F00464FA2 /* LoginViewController.swift */; };
		B1B84C2B25D6177E00464FA2 /* SignUpViewController.swift in Sources */ = {isa = PBXBuildFile; fileRef = B1B84C2A25D6177E00464FA2 /* SignUpViewController.swift */; };
		B1B84C2D25D6299500464FA2 /* RoundedWhiteButton.swift in Sources */ = {isa = PBXBuildFile; fileRef = B1B84C2C25D6299500464FA2 /* RoundedWhiteButton.swift */; };
		B1B84C2F25D632A100464FA2 /* ImageService.swift in Sources */ = {isa = PBXBuildFile; fileRef = B1B84C2E25D632A100464FA2 /* ImageService.swift */; };
		B729B277E8B504BAAD737CBE /* Pods_SeniorProject_SeniorProjectUITests.framework in Frameworks */ = {isa = PBXBuildFile; fileRef = 017B385154C1EF996740A51D /* Pods_SeniorProject_SeniorProjectUITests.framework */; };
		B73E1627DD1EC7F939CA813A /* Pods_Senior_Project_Senior_ProjectUITests.framework in Frameworks */ = {isa = PBXBuildFile; fileRef = 77A99840159A181EC53BDAFC /* Pods_Senior_Project_Senior_ProjectUITests.framework */; };
		E12703110786BCA6DA4EBDE3 /* Pods_SeniorProjectTests.framework in Frameworks */ = {isa = PBXBuildFile; fileRef = 83F8FE59FA102FCF8EAD2541 /* Pods_SeniorProjectTests.framework */; };
/* End PBXBuildFile section */

/* Begin PBXContainerItemProxy section */
		0307E96525DB57E000A5A58C /* PBXContainerItemProxy */ = {
			isa = PBXContainerItemProxy;
			containerPortal = 62330A5D25B7F2C0007F7658 /* Project object */;
			proxyType = 1;
			remoteGlobalIDString = 0307E94E25DB57DE00A5A58C;
			remoteInfo = "Senior Project";
		};
		0307E97025DB57E000A5A58C /* PBXContainerItemProxy */ = {
			isa = PBXContainerItemProxy;
			containerPortal = 62330A5D25B7F2C0007F7658 /* Project object */;
			proxyType = 1;
			remoteGlobalIDString = 0307E94E25DB57DE00A5A58C;
			remoteInfo = "Senior Project";
		};
		62330A7C25B7F2C2007F7658 /* PBXContainerItemProxy */ = {
			isa = PBXContainerItemProxy;
			containerPortal = 62330A5D25B7F2C0007F7658 /* Project object */;
			proxyType = 1;
			remoteGlobalIDString = 62330A6425B7F2C1007F7658;
			remoteInfo = SeniorProject;
		};
		62330A8725B7F2C2007F7658 /* PBXContainerItemProxy */ = {
			isa = PBXContainerItemProxy;
			containerPortal = 62330A5D25B7F2C0007F7658 /* Project object */;
			proxyType = 1;
			remoteGlobalIDString = 62330A6425B7F2C1007F7658;
			remoteInfo = SeniorProject;
		};
/* End PBXContainerItemProxy section */

/* Begin PBXFileReference section */
		017B385154C1EF996740A51D /* Pods_SeniorProject_SeniorProjectUITests.framework */ = {isa = PBXFileReference; explicitFileType = wrapper.framework; includeInIndex = 0; path = Pods_SeniorProject_SeniorProjectUITests.framework; sourceTree = BUILT_PRODUCTS_DIR; };
		0307E94F25DB57DE00A5A58C /* Senior Project.app */ = {isa = PBXFileReference; explicitFileType = wrapper.application; includeInIndex = 0; path = "Senior Project.app"; sourceTree = BUILT_PRODUCTS_DIR; };
		0307E96425DB57E000A5A58C /* Senior ProjectTests.xctest */ = {isa = PBXFileReference; explicitFileType = wrapper.cfbundle; includeInIndex = 0; path = "Senior ProjectTests.xctest"; sourceTree = BUILT_PRODUCTS_DIR; };
		0307E96825DB57E000A5A58C /* Senior_ProjectTests.swift */ = {isa = PBXFileReference; lastKnownFileType = sourcecode.swift; path = Senior_ProjectTests.swift; sourceTree = "<group>"; };
		0307E96A25DB57E000A5A58C /* Info.plist */ = {isa = PBXFileReference; lastKnownFileType = text.plist.xml; path = Info.plist; sourceTree = "<group>"; };
		0307E96F25DB57E000A5A58C /* Senior ProjectUITests.xctest */ = {isa = PBXFileReference; explicitFileType = wrapper.cfbundle; includeInIndex = 0; path = "Senior ProjectUITests.xctest"; sourceTree = BUILT_PRODUCTS_DIR; };
		0307E97325DB57E000A5A58C /* Senior_ProjectUITests.swift */ = {isa = PBXFileReference; lastKnownFileType = sourcecode.swift; path = Senior_ProjectUITests.swift; sourceTree = "<group>"; };
		0307E97525DB57E000A5A58C /* Info.plist */ = {isa = PBXFileReference; lastKnownFileType = text.plist.xml; path = Info.plist; sourceTree = "<group>"; };
		10AF80D3929D0CFC46FC2AC2 /* Pods-SeniorProject.release.xcconfig */ = {isa = PBXFileReference; includeInIndex = 1; lastKnownFileType = text.xcconfig; name = "Pods-SeniorProject.release.xcconfig"; path = "Target Support Files/Pods-SeniorProject/Pods-SeniorProject.release.xcconfig"; sourceTree = "<group>"; };
		248A7E0FA2B439C9D4A9B6C0 /* Pods-Senior ProjectTests.debug.xcconfig */ = {isa = PBXFileReference; includeInIndex = 1; lastKnownFileType = text.xcconfig; name = "Pods-Senior ProjectTests.debug.xcconfig"; path = "Target Support Files/Pods-Senior ProjectTests/Pods-Senior ProjectTests.debug.xcconfig"; sourceTree = "<group>"; };
		3E63D39C0B02E56F5E4835C8 /* Pods-SeniorProject-SeniorProjectUITests.debug.xcconfig */ = {isa = PBXFileReference; includeInIndex = 1; lastKnownFileType = text.xcconfig; name = "Pods-SeniorProject-SeniorProjectUITests.debug.xcconfig"; path = "Target Support Files/Pods-SeniorProject-SeniorProjectUITests/Pods-SeniorProject-SeniorProjectUITests.debug.xcconfig"; sourceTree = "<group>"; };
		5B1D26DA0C8720D7F7300CA6 /* Pods-SeniorProjectTests.release.xcconfig */ = {isa = PBXFileReference; includeInIndex = 1; lastKnownFileType = text.xcconfig; name = "Pods-SeniorProjectTests.release.xcconfig"; path = "Target Support Files/Pods-SeniorProjectTests/Pods-SeniorProjectTests.release.xcconfig"; sourceTree = "<group>"; };
		62330A6525B7F2C1007F7658 /* SeniorProject.app */ = {isa = PBXFileReference; explicitFileType = wrapper.application; includeInIndex = 0; path = SeniorProject.app; sourceTree = BUILT_PRODUCTS_DIR; };
		62330A6825B7F2C1007F7658 /* AppDelegate.swift */ = {isa = PBXFileReference; lastKnownFileType = sourcecode.swift; path = AppDelegate.swift; sourceTree = "<group>"; };
		62330A6A25B7F2C1007F7658 /* SceneDelegate.swift */ = {isa = PBXFileReference; lastKnownFileType = sourcecode.swift; path = SceneDelegate.swift; sourceTree = "<group>"; };
		62330A6C25B7F2C1007F7658 /* ViewController.swift */ = {isa = PBXFileReference; lastKnownFileType = sourcecode.swift; path = ViewController.swift; sourceTree = "<group>"; };
		62330A6F25B7F2C1007F7658 /* Base */ = {isa = PBXFileReference; lastKnownFileType = file.storyboard; name = Base; path = Base.lproj/Main.storyboard; sourceTree = "<group>"; };
		62330A7125B7F2C2007F7658 /* Assets.xcassets */ = {isa = PBXFileReference; lastKnownFileType = folder.assetcatalog; path = Assets.xcassets; sourceTree = "<group>"; };
		62330A7425B7F2C2007F7658 /* Base */ = {isa = PBXFileReference; lastKnownFileType = file.storyboard; name = Base; path = Base.lproj/LaunchScreen.storyboard; sourceTree = "<group>"; };
		62330A7625B7F2C2007F7658 /* Info.plist */ = {isa = PBXFileReference; lastKnownFileType = text.plist.xml; path = Info.plist; sourceTree = "<group>"; };
		62330A7B25B7F2C2007F7658 /* SeniorProjectTests.xctest */ = {isa = PBXFileReference; explicitFileType = wrapper.cfbundle; includeInIndex = 0; path = SeniorProjectTests.xctest; sourceTree = BUILT_PRODUCTS_DIR; };
		62330A7F25B7F2C2007F7658 /* SeniorProjectTests.swift */ = {isa = PBXFileReference; lastKnownFileType = sourcecode.swift; path = SeniorProjectTests.swift; sourceTree = "<group>"; };
		62330A8125B7F2C2007F7658 /* Info.plist */ = {isa = PBXFileReference; lastKnownFileType = text.plist.xml; path = Info.plist; sourceTree = "<group>"; };
		62330A8625B7F2C2007F7658 /* SeniorProjectUITests.xctest */ = {isa = PBXFileReference; explicitFileType = wrapper.cfbundle; includeInIndex = 0; path = SeniorProjectUITests.xctest; sourceTree = BUILT_PRODUCTS_DIR; };
		62330A8A25B7F2C2007F7658 /* SeniorProjectUITests.swift */ = {isa = PBXFileReference; lastKnownFileType = sourcecode.swift; path = SeniorProjectUITests.swift; sourceTree = "<group>"; };
		62330A8C25B7F2C2007F7658 /* Info.plist */ = {isa = PBXFileReference; lastKnownFileType = text.plist.xml; path = Info.plist; sourceTree = "<group>"; };
		623942EC25DD1CF20069B244 /* SettingsViewController.swift */ = {isa = PBXFileReference; lastKnownFileType = sourcecode.swift; path = SettingsViewController.swift; sourceTree = "<group>"; };
		623942F425DD1D040069B244 /* InfoViewController.swift */ = {isa = PBXFileReference; lastKnownFileType = sourcecode.swift; path = InfoViewController.swift; sourceTree = "<group>"; };
		623942FC25DD1EC70069B244 /* SideMenu.swift */ = {isa = PBXFileReference; lastKnownFileType = sourcecode.swift; path = SideMenu.swift; sourceTree = "<group>"; };
		71014F27E30BD52B3D937D5E /* Pods-Senior Project.release.xcconfig */ = {isa = PBXFileReference; includeInIndex = 1; lastKnownFileType = text.xcconfig; name = "Pods-Senior Project.release.xcconfig"; path = "Target Support Files/Pods-Senior Project/Pods-Senior Project.release.xcconfig"; sourceTree = "<group>"; };
		7788936F839B5AD71DD3AF8B /* Pods-SeniorProject.debug.xcconfig */ = {isa = PBXFileReference; includeInIndex = 1; lastKnownFileType = text.xcconfig; name = "Pods-SeniorProject.debug.xcconfig"; path = "Target Support Files/Pods-SeniorProject/Pods-SeniorProject.debug.xcconfig"; sourceTree = "<group>"; };
		77A99840159A181EC53BDAFC /* Pods_Senior_Project_Senior_ProjectUITests.framework */ = {isa = PBXFileReference; explicitFileType = wrapper.framework; includeInIndex = 0; path = Pods_Senior_Project_Senior_ProjectUITests.framework; sourceTree = BUILT_PRODUCTS_DIR; };
		7C64B0B974BAA9090262FE8E /* Pods_Senior_Project.framework */ = {isa = PBXFileReference; explicitFileType = wrapper.framework; includeInIndex = 0; path = Pods_Senior_Project.framework; sourceTree = BUILT_PRODUCTS_DIR; };
		83F8FE59FA102FCF8EAD2541 /* Pods_SeniorProjectTests.framework */ = {isa = PBXFileReference; explicitFileType = wrapper.framework; includeInIndex = 0; path = Pods_SeniorProjectTests.framework; sourceTree = BUILT_PRODUCTS_DIR; };
		A7791494C92EC039A28BB321 /* Pods_SeniorProject.framework */ = {isa = PBXFileReference; explicitFileType = wrapper.framework; includeInIndex = 0; path = Pods_SeniorProject.framework; sourceTree = BUILT_PRODUCTS_DIR; };
		AC8E8123463A6C1B64EB90F5 /* Pods-SeniorProject-SeniorProjectUITests.release.xcconfig */ = {isa = PBXFileReference; includeInIndex = 1; lastKnownFileType = text.xcconfig; name = "Pods-SeniorProject-SeniorProjectUITests.release.xcconfig"; path = "Target Support Files/Pods-SeniorProject-SeniorProjectUITests/Pods-SeniorProject-SeniorProjectUITests.release.xcconfig"; sourceTree = "<group>"; };
		B0337A3A625430A7BD20A8B2 /* Pods-SeniorProjectTests.debug.xcconfig */ = {isa = PBXFileReference; includeInIndex = 1; lastKnownFileType = text.xcconfig; name = "Pods-SeniorProjectTests.debug.xcconfig"; path = "Target Support Files/Pods-SeniorProjectTests/Pods-SeniorProjectTests.debug.xcconfig"; sourceTree = "<group>"; };
		B1B84C2425D6026100464FA2 /* MenuViewController.swift */ = {isa = PBXFileReference; lastKnownFileType = sourcecode.swift; path = MenuViewController.swift; sourceTree = "<group>"; };
		B1B84C2625D6033700464FA2 /* HelperExtensions.swift */ = {isa = PBXFileReference; lastKnownFileType = sourcecode.swift; path = HelperExtensions.swift; sourceTree = "<group>"; };
		B1B84C2825D6174F00464FA2 /* LoginViewController.swift */ = {isa = PBXFileReference; lastKnownFileType = sourcecode.swift; path = LoginViewController.swift; sourceTree = "<group>"; };
		B1B84C2A25D6177E00464FA2 /* SignUpViewController.swift */ = {isa = PBXFileReference; lastKnownFileType = sourcecode.swift; path = SignUpViewController.swift; sourceTree = "<group>"; };
		B1B84C2C25D6299500464FA2 /* RoundedWhiteButton.swift */ = {isa = PBXFileReference; lastKnownFileType = sourcecode.swift; path = RoundedWhiteButton.swift; sourceTree = "<group>"; };
		B1B84C2E25D632A100464FA2 /* ImageService.swift */ = {isa = PBXFileReference; lastKnownFileType = sourcecode.swift; path = ImageService.swift; sourceTree = "<group>"; };
		B294D2B976627EA51E12DC67 /* Pods-Senior ProjectTests.release.xcconfig */ = {isa = PBXFileReference; includeInIndex = 1; lastKnownFileType = text.xcconfig; name = "Pods-Senior ProjectTests.release.xcconfig"; path = "Target Support Files/Pods-Senior ProjectTests/Pods-Senior ProjectTests.release.xcconfig"; sourceTree = "<group>"; };
		BE32C6AE4931FAEE51FEFEC5 /* Pods-Senior Project-Senior ProjectUITests.release.xcconfig */ = {isa = PBXFileReference; includeInIndex = 1; lastKnownFileType = text.xcconfig; name = "Pods-Senior Project-Senior ProjectUITests.release.xcconfig"; path = "Target Support Files/Pods-Senior Project-Senior ProjectUITests/Pods-Senior Project-Senior ProjectUITests.release.xcconfig"; sourceTree = "<group>"; };
		E58CA52D9F24D7296CB131D6 /* Pods-Senior Project-Senior ProjectUITests.debug.xcconfig */ = {isa = PBXFileReference; includeInIndex = 1; lastKnownFileType = text.xcconfig; name = "Pods-Senior Project-Senior ProjectUITests.debug.xcconfig"; path = "Target Support Files/Pods-Senior Project-Senior ProjectUITests/Pods-Senior Project-Senior ProjectUITests.debug.xcconfig"; sourceTree = "<group>"; };
		E836785CD4C13BF288E723B8 /* Pods_Senior_ProjectTests.framework */ = {isa = PBXFileReference; explicitFileType = wrapper.framework; includeInIndex = 0; path = Pods_Senior_ProjectTests.framework; sourceTree = BUILT_PRODUCTS_DIR; };
		F030E271F4B3773864504287 /* Pods-Senior Project.debug.xcconfig */ = {isa = PBXFileReference; includeInIndex = 1; lastKnownFileType = text.xcconfig; name = "Pods-Senior Project.debug.xcconfig"; path = "Target Support Files/Pods-Senior Project/Pods-Senior Project.debug.xcconfig"; sourceTree = "<group>"; };
/* End PBXFileReference section */

/* Begin PBXFrameworksBuildPhase section */
		0307E94C25DB57DE00A5A58C /* Frameworks */ = {
			isa = PBXFrameworksBuildPhase;
			buildActionMask = 2147483647;
			files = (
				6FED73C8910A1ED688B192F0 /* Pods_Senior_Project.framework in Frameworks */,
			);
			runOnlyForDeploymentPostprocessing = 0;
		};
		0307E96125DB57E000A5A58C /* Frameworks */ = {
			isa = PBXFrameworksBuildPhase;
			buildActionMask = 2147483647;
			files = (
				5DFB173816759D3D95E7F556 /* Pods_Senior_ProjectTests.framework in Frameworks */,
			);
			runOnlyForDeploymentPostprocessing = 0;
		};
		0307E96C25DB57E000A5A58C /* Frameworks */ = {
			isa = PBXFrameworksBuildPhase;
			buildActionMask = 2147483647;
			files = (
				B73E1627DD1EC7F939CA813A /* Pods_Senior_Project_Senior_ProjectUITests.framework in Frameworks */,
			);
			runOnlyForDeploymentPostprocessing = 0;
		};
		62330A6225B7F2C1007F7658 /* Frameworks */ = {
			isa = PBXFrameworksBuildPhase;
			buildActionMask = 2147483647;
			files = (
				463554878F8822BFA10076AE /* Pods_SeniorProject.framework in Frameworks */,
			);
			runOnlyForDeploymentPostprocessing = 0;
		};
		62330A7825B7F2C2007F7658 /* Frameworks */ = {
			isa = PBXFrameworksBuildPhase;
			buildActionMask = 2147483647;
			files = (
				E12703110786BCA6DA4EBDE3 /* Pods_SeniorProjectTests.framework in Frameworks */,
			);
			runOnlyForDeploymentPostprocessing = 0;
		};
		62330A8325B7F2C2007F7658 /* Frameworks */ = {
			isa = PBXFrameworksBuildPhase;
			buildActionMask = 2147483647;
			files = (
				B729B277E8B504BAAD737CBE /* Pods_SeniorProject_SeniorProjectUITests.framework in Frameworks */,
			);
			runOnlyForDeploymentPostprocessing = 0;
		};
/* End PBXFrameworksBuildPhase section */

/* Begin PBXGroup section */
		0307E96725DB57E000A5A58C /* Senior ProjectTests */ = {
			isa = PBXGroup;
			children = (
				0307E96825DB57E000A5A58C /* Senior_ProjectTests.swift */,
				0307E96A25DB57E000A5A58C /* Info.plist */,
			);
			path = "Senior ProjectTests";
			sourceTree = "<group>";
		};
		0307E97225DB57E000A5A58C /* Senior ProjectUITests */ = {
			isa = PBXGroup;
			children = (
				0307E97325DB57E000A5A58C /* Senior_ProjectUITests.swift */,
				0307E97525DB57E000A5A58C /* Info.plist */,
			);
			path = "Senior ProjectUITests";
			sourceTree = "<group>";
		};
		62330A5C25B7F2C0007F7658 = {
			isa = PBXGroup;
			children = (
				B1B84C2325D6018100464FA2 /* LoginSignup */,
				62330A6725B7F2C1007F7658 /* SeniorProject */,
				62330A7E25B7F2C2007F7658 /* SeniorProjectTests */,
				62330A8925B7F2C2007F7658 /* SeniorProjectUITests */,
				0307E96725DB57E000A5A58C /* Senior ProjectTests */,
				0307E97225DB57E000A5A58C /* Senior ProjectUITests */,
				62330A6625B7F2C1007F7658 /* Products */,
				9B45AC4D23E91B1DDE257F7E /* Pods */,
				E0D2B0D566183B8BEC55FFCB /* Frameworks */,
			);
			sourceTree = "<group>";
		};
		62330A6625B7F2C1007F7658 /* Products */ = {
			isa = PBXGroup;
			children = (
				62330A6525B7F2C1007F7658 /* SeniorProject.app */,
				62330A7B25B7F2C2007F7658 /* SeniorProjectTests.xctest */,
				62330A8625B7F2C2007F7658 /* SeniorProjectUITests.xctest */,
				0307E94F25DB57DE00A5A58C /* Senior Project.app */,
				0307E96425DB57E000A5A58C /* Senior ProjectTests.xctest */,
				0307E96F25DB57E000A5A58C /* Senior ProjectUITests.xctest */,
			);
			name = Products;
			sourceTree = "<group>";
		};
		62330A6725B7F2C1007F7658 /* SeniorProject */ = {
			isa = PBXGroup;
			children = (
				62330A6825B7F2C1007F7658 /* AppDelegate.swift */,
				62330A6A25B7F2C1007F7658 /* SceneDelegate.swift */,
				62330A6C25B7F2C1007F7658 /* ViewController.swift */,
				62330A6E25B7F2C1007F7658 /* Main.storyboard */,
				62330A7125B7F2C2007F7658 /* Assets.xcassets */,
				62330A7325B7F2C2007F7658 /* LaunchScreen.storyboard */,
				62330A7625B7F2C2007F7658 /* Info.plist */,
				623942EC25DD1CF20069B244 /* SettingsViewController.swift */,
				623942F425DD1D040069B244 /* InfoViewController.swift */,
				623942FC25DD1EC70069B244 /* SideMenu.swift */,
			);
			path = SeniorProject;
			sourceTree = "<group>";
		};
		62330A7E25B7F2C2007F7658 /* SeniorProjectTests */ = {
			isa = PBXGroup;
			children = (
				62330A7F25B7F2C2007F7658 /* SeniorProjectTests.swift */,
				62330A8125B7F2C2007F7658 /* Info.plist */,
			);
			path = SeniorProjectTests;
			sourceTree = "<group>";
		};
		62330A8925B7F2C2007F7658 /* SeniorProjectUITests */ = {
			isa = PBXGroup;
			children = (
				62330A8A25B7F2C2007F7658 /* SeniorProjectUITests.swift */,
				62330A8C25B7F2C2007F7658 /* Info.plist */,
			);
			path = SeniorProjectUITests;
			sourceTree = "<group>";
		};
		9B45AC4D23E91B1DDE257F7E /* Pods */ = {
			isa = PBXGroup;
			children = (
				F030E271F4B3773864504287 /* Pods-Senior Project.debug.xcconfig */,
				71014F27E30BD52B3D937D5E /* Pods-Senior Project.release.xcconfig */,
				E58CA52D9F24D7296CB131D6 /* Pods-Senior Project-Senior ProjectUITests.debug.xcconfig */,
				BE32C6AE4931FAEE51FEFEC5 /* Pods-Senior Project-Senior ProjectUITests.release.xcconfig */,
				248A7E0FA2B439C9D4A9B6C0 /* Pods-Senior ProjectTests.debug.xcconfig */,
				B294D2B976627EA51E12DC67 /* Pods-Senior ProjectTests.release.xcconfig */,
				7788936F839B5AD71DD3AF8B /* Pods-SeniorProject.debug.xcconfig */,
				10AF80D3929D0CFC46FC2AC2 /* Pods-SeniorProject.release.xcconfig */,
				3E63D39C0B02E56F5E4835C8 /* Pods-SeniorProject-SeniorProjectUITests.debug.xcconfig */,
				AC8E8123463A6C1B64EB90F5 /* Pods-SeniorProject-SeniorProjectUITests.release.xcconfig */,
				B0337A3A625430A7BD20A8B2 /* Pods-SeniorProjectTests.debug.xcconfig */,
				5B1D26DA0C8720D7F7300CA6 /* Pods-SeniorProjectTests.release.xcconfig */,
			);
			path = Pods;
			sourceTree = "<group>";
		};
		B1B84C2325D6018100464FA2 /* LoginSignup */ = {
			isa = PBXGroup;
			children = (
				B1B84C2425D6026100464FA2 /* MenuViewController.swift */,
				B1B84C2625D6033700464FA2 /* HelperExtensions.swift */,
				B1B84C2825D6174F00464FA2 /* LoginViewController.swift */,
				B1B84C2A25D6177E00464FA2 /* SignUpViewController.swift */,
				B1B84C2C25D6299500464FA2 /* RoundedWhiteButton.swift */,
				B1B84C2E25D632A100464FA2 /* ImageService.swift */,
			);
			path = LoginSignup;
			sourceTree = "<group>";
		};
		E0D2B0D566183B8BEC55FFCB /* Frameworks */ = {
			isa = PBXGroup;
			children = (
				7C64B0B974BAA9090262FE8E /* Pods_Senior_Project.framework */,
				77A99840159A181EC53BDAFC /* Pods_Senior_Project_Senior_ProjectUITests.framework */,
				E836785CD4C13BF288E723B8 /* Pods_Senior_ProjectTests.framework */,
				A7791494C92EC039A28BB321 /* Pods_SeniorProject.framework */,
				017B385154C1EF996740A51D /* Pods_SeniorProject_SeniorProjectUITests.framework */,
				83F8FE59FA102FCF8EAD2541 /* Pods_SeniorProjectTests.framework */,
			);
			name = Frameworks;
			sourceTree = "<group>";
		};
/* End PBXGroup section */

/* Begin PBXNativeTarget section */
		0307E94E25DB57DE00A5A58C /* Senior Project */ = {
			isa = PBXNativeTarget;
			buildConfigurationList = 0307E97C25DB57E000A5A58C /* Build configuration list for PBXNativeTarget "Senior Project" */;
			buildPhases = (
				89BDF2143412FFCDA2DB0C02 /* [CP] Check Pods Manifest.lock */,
				0307E94B25DB57DE00A5A58C /* Sources */,
				0307E94C25DB57DE00A5A58C /* Frameworks */,
				0307E94D25DB57DE00A5A58C /* Resources */,
				722F4A97BF5057B349EF1F7A /* [CP] Embed Pods Frameworks */,
			);
			buildRules = (
			);
			dependencies = (
			);
			name = "Senior Project";
			productName = "Senior Project";
			productReference = 0307E94F25DB57DE00A5A58C /* Senior Project.app */;
			productType = "com.apple.product-type.application";
		};
		0307E96325DB57E000A5A58C /* Senior ProjectTests */ = {
			isa = PBXNativeTarget;
			buildConfigurationList = 0307E97D25DB57E000A5A58C /* Build configuration list for PBXNativeTarget "Senior ProjectTests" */;
			buildPhases = (
				05D3A825EC65611BC9D92FCA /* [CP] Check Pods Manifest.lock */,
				0307E96025DB57E000A5A58C /* Sources */,
				0307E96125DB57E000A5A58C /* Frameworks */,
				0307E96225DB57E000A5A58C /* Resources */,
			);
			buildRules = (
			);
			dependencies = (
				0307E96625DB57E000A5A58C /* PBXTargetDependency */,
			);
			name = "Senior ProjectTests";
			productName = "Senior ProjectTests";
			productReference = 0307E96425DB57E000A5A58C /* Senior ProjectTests.xctest */;
			productType = "com.apple.product-type.bundle.unit-test";
		};
		0307E96E25DB57E000A5A58C /* Senior ProjectUITests */ = {
			isa = PBXNativeTarget;
			buildConfigurationList = 0307E97E25DB57E000A5A58C /* Build configuration list for PBXNativeTarget "Senior ProjectUITests" */;
			buildPhases = (
				578DC9137E78C5CBAB7D5143 /* [CP] Check Pods Manifest.lock */,
				0307E96B25DB57E000A5A58C /* Sources */,
				0307E96C25DB57E000A5A58C /* Frameworks */,
				0307E96D25DB57E000A5A58C /* Resources */,
				D8B30BE84D366432F445E6C6 /* [CP] Embed Pods Frameworks */,
			);
			buildRules = (
			);
			dependencies = (
				0307E97125DB57E000A5A58C /* PBXTargetDependency */,
			);
			name = "Senior ProjectUITests";
			productName = "Senior ProjectUITests";
			productReference = 0307E96F25DB57E000A5A58C /* Senior ProjectUITests.xctest */;
			productType = "com.apple.product-type.bundle.ui-testing";
		};
		62330A6425B7F2C1007F7658 /* SeniorProject */ = {
			isa = PBXNativeTarget;
			buildConfigurationList = 62330A8F25B7F2C2007F7658 /* Build configuration list for PBXNativeTarget "SeniorProject" */;
			buildPhases = (
				D5D6BB67A6E06979BE6E1085 /* [CP] Check Pods Manifest.lock */,
				62330A6125B7F2C1007F7658 /* Sources */,
				62330A6225B7F2C1007F7658 /* Frameworks */,
				62330A6325B7F2C1007F7658 /* Resources */,
				6AE1DC1006419783C38752D9 /* [CP] Embed Pods Frameworks */,
			);
			buildRules = (
			);
			dependencies = (
			);
			name = SeniorProject;
			productName = SeniorProject;
			productReference = 62330A6525B7F2C1007F7658 /* SeniorProject.app */;
			productType = "com.apple.product-type.application";
		};
		62330A7A25B7F2C2007F7658 /* SeniorProjectTests */ = {
			isa = PBXNativeTarget;
			buildConfigurationList = 62330A9225B7F2C2007F7658 /* Build configuration list for PBXNativeTarget "SeniorProjectTests" */;
			buildPhases = (
				D760D2F3AA2CDE39B6040EB1 /* [CP] Check Pods Manifest.lock */,
				62330A7725B7F2C2007F7658 /* Sources */,
				62330A7825B7F2C2007F7658 /* Frameworks */,
				62330A7925B7F2C2007F7658 /* Resources */,
			);
			buildRules = (
			);
			dependencies = (
				62330A7D25B7F2C2007F7658 /* PBXTargetDependency */,
			);
			name = SeniorProjectTests;
			productName = SeniorProjectTests;
			productReference = 62330A7B25B7F2C2007F7658 /* SeniorProjectTests.xctest */;
			productType = "com.apple.product-type.bundle.unit-test";
		};
		62330A8525B7F2C2007F7658 /* SeniorProjectUITests */ = {
			isa = PBXNativeTarget;
			buildConfigurationList = 62330A9525B7F2C2007F7658 /* Build configuration list for PBXNativeTarget "SeniorProjectUITests" */;
			buildPhases = (
				98C4810873294491E9442CCC /* [CP] Check Pods Manifest.lock */,
				62330A8225B7F2C2007F7658 /* Sources */,
				62330A8325B7F2C2007F7658 /* Frameworks */,
				62330A8425B7F2C2007F7658 /* Resources */,
				7F8226745284EA0F93C8280F /* [CP] Embed Pods Frameworks */,
			);
			buildRules = (
			);
			dependencies = (
				62330A8825B7F2C2007F7658 /* PBXTargetDependency */,
			);
			name = SeniorProjectUITests;
			productName = SeniorProjectUITests;
			productReference = 62330A8625B7F2C2007F7658 /* SeniorProjectUITests.xctest */;
			productType = "com.apple.product-type.bundle.ui-testing";
		};
/* End PBXNativeTarget section */

/* Begin PBXProject section */
		62330A5D25B7F2C0007F7658 /* Project object */ = {
			isa = PBXProject;
			attributes = {
				LastSwiftUpdateCheck = 1240;
				LastUpgradeCheck = 1230;
				TargetAttributes = {
					0307E94E25DB57DE00A5A58C = {
						CreatedOnToolsVersion = 12.4;
					};
					0307E96325DB57E000A5A58C = {
						CreatedOnToolsVersion = 12.4;
						TestTargetID = 0307E94E25DB57DE00A5A58C;
					};
					0307E96E25DB57E000A5A58C = {
						CreatedOnToolsVersion = 12.4;
						TestTargetID = 0307E94E25DB57DE00A5A58C;
					};
					62330A6425B7F2C1007F7658 = {
						CreatedOnToolsVersion = 12.3;
					};
					62330A7A25B7F2C2007F7658 = {
						CreatedOnToolsVersion = 12.3;
						TestTargetID = 62330A6425B7F2C1007F7658;
					};
					62330A8525B7F2C2007F7658 = {
						CreatedOnToolsVersion = 12.3;
						TestTargetID = 62330A6425B7F2C1007F7658;
					};
				};
			};
			buildConfigurationList = 62330A6025B7F2C0007F7658 /* Build configuration list for PBXProject "SeniorProject" */;
			compatibilityVersion = "Xcode 9.3";
			developmentRegion = en;
			hasScannedForEncodings = 0;
			knownRegions = (
				en,
				Base,
			);
			mainGroup = 62330A5C25B7F2C0007F7658;
			productRefGroup = 62330A6625B7F2C1007F7658 /* Products */;
			projectDirPath = "";
			projectRoot = "";
			targets = (
				62330A6425B7F2C1007F7658 /* SeniorProject */,
				62330A7A25B7F2C2007F7658 /* SeniorProjectTests */,
				62330A8525B7F2C2007F7658 /* SeniorProjectUITests */,
				0307E94E25DB57DE00A5A58C /* Senior Project */,
				0307E96325DB57E000A5A58C /* Senior ProjectTests */,
				0307E96E25DB57E000A5A58C /* Senior ProjectUITests */,
			);
		};
/* End PBXProject section */

/* Begin PBXResourcesBuildPhase section */
		0307E94D25DB57DE00A5A58C /* Resources */ = {
			isa = PBXResourcesBuildPhase;
			buildActionMask = 2147483647;
			files = (
			);
			runOnlyForDeploymentPostprocessing = 0;
		};
		0307E96225DB57E000A5A58C /* Resources */ = {
			isa = PBXResourcesBuildPhase;
			buildActionMask = 2147483647;
			files = (
			);
			runOnlyForDeploymentPostprocessing = 0;
		};
		0307E96D25DB57E000A5A58C /* Resources */ = {
			isa = PBXResourcesBuildPhase;
			buildActionMask = 2147483647;
			files = (
			);
			runOnlyForDeploymentPostprocessing = 0;
		};
		62330A6325B7F2C1007F7658 /* Resources */ = {
			isa = PBXResourcesBuildPhase;
			buildActionMask = 2147483647;
			files = (
				62330A7525B7F2C2007F7658 /* LaunchScreen.storyboard in Resources */,
				62330A7225B7F2C2007F7658 /* Assets.xcassets in Resources */,
				62330A7025B7F2C1007F7658 /* Main.storyboard in Resources */,
			);
			runOnlyForDeploymentPostprocessing = 0;
		};
		62330A7925B7F2C2007F7658 /* Resources */ = {
			isa = PBXResourcesBuildPhase;
			buildActionMask = 2147483647;
			files = (
			);
			runOnlyForDeploymentPostprocessing = 0;
		};
		62330A8425B7F2C2007F7658 /* Resources */ = {
			isa = PBXResourcesBuildPhase;
			buildActionMask = 2147483647;
			files = (
			);
			runOnlyForDeploymentPostprocessing = 0;
		};
/* End PBXResourcesBuildPhase section */

/* Begin PBXShellScriptBuildPhase section */
		05D3A825EC65611BC9D92FCA /* [CP] Check Pods Manifest.lock */ = {
			isa = PBXShellScriptBuildPhase;
			buildActionMask = 2147483647;
			files = (
			);
			inputFileListPaths = (
			);
			inputPaths = (
				"${PODS_PODFILE_DIR_PATH}/Podfile.lock",
				"${PODS_ROOT}/Manifest.lock",
			);
			name = "[CP] Check Pods Manifest.lock";
			outputFileListPaths = (
			);
			outputPaths = (
				"$(DERIVED_FILE_DIR)/Pods-Senior ProjectTests-checkManifestLockResult.txt",
			);
			runOnlyForDeploymentPostprocessing = 0;
			shellPath = /bin/sh;
			shellScript = "diff \"${PODS_PODFILE_DIR_PATH}/Podfile.lock\" \"${PODS_ROOT}/Manifest.lock\" > /dev/null\nif [ $? != 0 ] ; then\n    # print error to STDERR\n    echo \"error: The sandbox is not in sync with the Podfile.lock. Run 'pod install' or update your CocoaPods installation.\" >&2\n    exit 1\nfi\n# This output is used by Xcode 'outputs' to avoid re-running this script phase.\necho \"SUCCESS\" > \"${SCRIPT_OUTPUT_FILE_0}\"\n";
			showEnvVarsInLog = 0;
		};
		578DC9137E78C5CBAB7D5143 /* [CP] Check Pods Manifest.lock */ = {
			isa = PBXShellScriptBuildPhase;
			buildActionMask = 2147483647;
			files = (
			);
			inputFileListPaths = (
			);
			inputPaths = (
				"${PODS_PODFILE_DIR_PATH}/Podfile.lock",
				"${PODS_ROOT}/Manifest.lock",
			);
			name = "[CP] Check Pods Manifest.lock";
			outputFileListPaths = (
			);
			outputPaths = (
				"$(DERIVED_FILE_DIR)/Pods-Senior Project-Senior ProjectUITests-checkManifestLockResult.txt",
			);
			runOnlyForDeploymentPostprocessing = 0;
			shellPath = /bin/sh;
			shellScript = "diff \"${PODS_PODFILE_DIR_PATH}/Podfile.lock\" \"${PODS_ROOT}/Manifest.lock\" > /dev/null\nif [ $? != 0 ] ; then\n    # print error to STDERR\n    echo \"error: The sandbox is not in sync with the Podfile.lock. Run 'pod install' or update your CocoaPods installation.\" >&2\n    exit 1\nfi\n# This output is used by Xcode 'outputs' to avoid re-running this script phase.\necho \"SUCCESS\" > \"${SCRIPT_OUTPUT_FILE_0}\"\n";
			showEnvVarsInLog = 0;
		};
		6AE1DC1006419783C38752D9 /* [CP] Embed Pods Frameworks */ = {
			isa = PBXShellScriptBuildPhase;
			buildActionMask = 2147483647;
			files = (
			);
			inputFileListPaths = (
				"${PODS_ROOT}/Target Support Files/Pods-SeniorProject/Pods-SeniorProject-frameworks-${CONFIGURATION}-input-files.xcfilelist",
			);
			name = "[CP] Embed Pods Frameworks";
			outputFileListPaths = (
				"${PODS_ROOT}/Target Support Files/Pods-SeniorProject/Pods-SeniorProject-frameworks-${CONFIGURATION}-output-files.xcfilelist",
			);
			runOnlyForDeploymentPostprocessing = 0;
			shellPath = /bin/sh;
			shellScript = "\"${PODS_ROOT}/Target Support Files/Pods-SeniorProject/Pods-SeniorProject-frameworks.sh\"\n";
			showEnvVarsInLog = 0;
		};
		722F4A97BF5057B349EF1F7A /* [CP] Embed Pods Frameworks */ = {
			isa = PBXShellScriptBuildPhase;
			buildActionMask = 2147483647;
			files = (
			);
			inputFileListPaths = (
				"${PODS_ROOT}/Target Support Files/Pods-Senior Project/Pods-Senior Project-frameworks-${CONFIGURATION}-input-files.xcfilelist",
			);
			name = "[CP] Embed Pods Frameworks";
			outputFileListPaths = (
				"${PODS_ROOT}/Target Support Files/Pods-Senior Project/Pods-Senior Project-frameworks-${CONFIGURATION}-output-files.xcfilelist",
			);
			runOnlyForDeploymentPostprocessing = 0;
			shellPath = /bin/sh;
			shellScript = "\"${PODS_ROOT}/Target Support Files/Pods-Senior Project/Pods-Senior Project-frameworks.sh\"\n";
			showEnvVarsInLog = 0;
		};
		7F8226745284EA0F93C8280F /* [CP] Embed Pods Frameworks */ = {
			isa = PBXShellScriptBuildPhase;
			buildActionMask = 2147483647;
			files = (
			);
			inputFileListPaths = (
				"${PODS_ROOT}/Target Support Files/Pods-SeniorProject-SeniorProjectUITests/Pods-SeniorProject-SeniorProjectUITests-frameworks-${CONFIGURATION}-input-files.xcfilelist",
			);
			name = "[CP] Embed Pods Frameworks";
			outputFileListPaths = (
				"${PODS_ROOT}/Target Support Files/Pods-SeniorProject-SeniorProjectUITests/Pods-SeniorProject-SeniorProjectUITests-frameworks-${CONFIGURATION}-output-files.xcfilelist",
			);
			runOnlyForDeploymentPostprocessing = 0;
			shellPath = /bin/sh;
			shellScript = "\"${PODS_ROOT}/Target Support Files/Pods-SeniorProject-SeniorProjectUITests/Pods-SeniorProject-SeniorProjectUITests-frameworks.sh\"\n";
			showEnvVarsInLog = 0;
		};
		89BDF2143412FFCDA2DB0C02 /* [CP] Check Pods Manifest.lock */ = {
			isa = PBXShellScriptBuildPhase;
			buildActionMask = 2147483647;
			files = (
			);
			inputFileListPaths = (
			);
			inputPaths = (
				"${PODS_PODFILE_DIR_PATH}/Podfile.lock",
				"${PODS_ROOT}/Manifest.lock",
			);
			name = "[CP] Check Pods Manifest.lock";
			outputFileListPaths = (
			);
			outputPaths = (
				"$(DERIVED_FILE_DIR)/Pods-Senior Project-checkManifestLockResult.txt",
			);
			runOnlyForDeploymentPostprocessing = 0;
			shellPath = /bin/sh;
			shellScript = "diff \"${PODS_PODFILE_DIR_PATH}/Podfile.lock\" \"${PODS_ROOT}/Manifest.lock\" > /dev/null\nif [ $? != 0 ] ; then\n    # print error to STDERR\n    echo \"error: The sandbox is not in sync with the Podfile.lock. Run 'pod install' or update your CocoaPods installation.\" >&2\n    exit 1\nfi\n# This output is used by Xcode 'outputs' to avoid re-running this script phase.\necho \"SUCCESS\" > \"${SCRIPT_OUTPUT_FILE_0}\"\n";
			showEnvVarsInLog = 0;
		};
		98C4810873294491E9442CCC /* [CP] Check Pods Manifest.lock */ = {
			isa = PBXShellScriptBuildPhase;
			buildActionMask = 2147483647;
			files = (
			);
			inputFileListPaths = (
			);
			inputPaths = (
				"${PODS_PODFILE_DIR_PATH}/Podfile.lock",
				"${PODS_ROOT}/Manifest.lock",
			);
			name = "[CP] Check Pods Manifest.lock";
			outputFileListPaths = (
			);
			outputPaths = (
				"$(DERIVED_FILE_DIR)/Pods-SeniorProject-SeniorProjectUITests-checkManifestLockResult.txt",
			);
			runOnlyForDeploymentPostprocessing = 0;
			shellPath = /bin/sh;
			shellScript = "diff \"${PODS_PODFILE_DIR_PATH}/Podfile.lock\" \"${PODS_ROOT}/Manifest.lock\" > /dev/null\nif [ $? != 0 ] ; then\n    # print error to STDERR\n    echo \"error: The sandbox is not in sync with the Podfile.lock. Run 'pod install' or update your CocoaPods installation.\" >&2\n    exit 1\nfi\n# This output is used by Xcode 'outputs' to avoid re-running this script phase.\necho \"SUCCESS\" > \"${SCRIPT_OUTPUT_FILE_0}\"\n";
			showEnvVarsInLog = 0;
		};
		D5D6BB67A6E06979BE6E1085 /* [CP] Check Pods Manifest.lock */ = {
			isa = PBXShellScriptBuildPhase;
			buildActionMask = 2147483647;
			files = (
			);
			inputFileListPaths = (
			);
			inputPaths = (
				"${PODS_PODFILE_DIR_PATH}/Podfile.lock",
				"${PODS_ROOT}/Manifest.lock",
			);
			name = "[CP] Check Pods Manifest.lock";
			outputFileListPaths = (
			);
			outputPaths = (
				"$(DERIVED_FILE_DIR)/Pods-SeniorProject-checkManifestLockResult.txt",
			);
			runOnlyForDeploymentPostprocessing = 0;
			shellPath = /bin/sh;
			shellScript = "diff \"${PODS_PODFILE_DIR_PATH}/Podfile.lock\" \"${PODS_ROOT}/Manifest.lock\" > /dev/null\nif [ $? != 0 ] ; then\n    # print error to STDERR\n    echo \"error: The sandbox is not in sync with the Podfile.lock. Run 'pod install' or update your CocoaPods installation.\" >&2\n    exit 1\nfi\n# This output is used by Xcode 'outputs' to avoid re-running this script phase.\necho \"SUCCESS\" > \"${SCRIPT_OUTPUT_FILE_0}\"\n";
			showEnvVarsInLog = 0;
		};
		D760D2F3AA2CDE39B6040EB1 /* [CP] Check Pods Manifest.lock */ = {
			isa = PBXShellScriptBuildPhase;
			buildActionMask = 2147483647;
			files = (
			);
			inputFileListPaths = (
			);
			inputPaths = (
				"${PODS_PODFILE_DIR_PATH}/Podfile.lock",
				"${PODS_ROOT}/Manifest.lock",
			);
			name = "[CP] Check Pods Manifest.lock";
			outputFileListPaths = (
			);
			outputPaths = (
				"$(DERIVED_FILE_DIR)/Pods-SeniorProjectTests-checkManifestLockResult.txt",
			);
			runOnlyForDeploymentPostprocessing = 0;
			shellPath = /bin/sh;
			shellScript = "diff \"${PODS_PODFILE_DIR_PATH}/Podfile.lock\" \"${PODS_ROOT}/Manifest.lock\" > /dev/null\nif [ $? != 0 ] ; then\n    # print error to STDERR\n    echo \"error: The sandbox is not in sync with the Podfile.lock. Run 'pod install' or update your CocoaPods installation.\" >&2\n    exit 1\nfi\n# This output is used by Xcode 'outputs' to avoid re-running this script phase.\necho \"SUCCESS\" > \"${SCRIPT_OUTPUT_FILE_0}\"\n";
			showEnvVarsInLog = 0;
		};
		D8B30BE84D366432F445E6C6 /* [CP] Embed Pods Frameworks */ = {
			isa = PBXShellScriptBuildPhase;
			buildActionMask = 2147483647;
			files = (
			);
			inputFileListPaths = (
				"${PODS_ROOT}/Target Support Files/Pods-Senior Project-Senior ProjectUITests/Pods-Senior Project-Senior ProjectUITests-frameworks-${CONFIGURATION}-input-files.xcfilelist",
			);
			name = "[CP] Embed Pods Frameworks";
			outputFileListPaths = (
				"${PODS_ROOT}/Target Support Files/Pods-Senior Project-Senior ProjectUITests/Pods-Senior Project-Senior ProjectUITests-frameworks-${CONFIGURATION}-output-files.xcfilelist",
			);
			runOnlyForDeploymentPostprocessing = 0;
			shellPath = /bin/sh;
			shellScript = "\"${PODS_ROOT}/Target Support Files/Pods-Senior Project-Senior ProjectUITests/Pods-Senior Project-Senior ProjectUITests-frameworks.sh\"\n";
			showEnvVarsInLog = 0;
		};
/* End PBXShellScriptBuildPhase section */

/* Begin PBXSourcesBuildPhase section */
		0307E94B25DB57DE00A5A58C /* Sources */ = {
			isa = PBXSourcesBuildPhase;
			buildActionMask = 2147483647;
			files = (
			);
			runOnlyForDeploymentPostprocessing = 0;
		};
		0307E96025DB57E000A5A58C /* Sources */ = {
			isa = PBXSourcesBuildPhase;
			buildActionMask = 2147483647;
			files = (
				0307E96925DB57E000A5A58C /* Senior_ProjectTests.swift in Sources */,
			);
			runOnlyForDeploymentPostprocessing = 0;
		};
		0307E96B25DB57E000A5A58C /* Sources */ = {
			isa = PBXSourcesBuildPhase;
			buildActionMask = 2147483647;
			files = (
				0307E97425DB57E000A5A58C /* Senior_ProjectUITests.swift in Sources */,
			);
			runOnlyForDeploymentPostprocessing = 0;
		};
		62330A6125B7F2C1007F7658 /* Sources */ = {
			isa = PBXSourcesBuildPhase;
			buildActionMask = 2147483647;
			files = (
				B1B84C2925D6174F00464FA2 /* LoginViewController.swift in Sources */,
				623942F525DD1D040069B244 /* InfoViewController.swift in Sources */,
				B1B84C2D25D6299500464FA2 /* RoundedWhiteButton.swift in Sources */,
				623942FD25DD1EC70069B244 /* SideMenu.swift in Sources */,
				B1B84C2F25D632A100464FA2 /* ImageService.swift in Sources */,
				623942ED25DD1CF20069B244 /* SettingsViewController.swift in Sources */,
				B1B84C2B25D6177E00464FA2 /* SignUpViewController.swift in Sources */,
				62330A6D25B7F2C1007F7658 /* ViewController.swift in Sources */,
				B1B84C2525D6026100464FA2 /* MenuViewController.swift in Sources */,
				B1B84C2725D6033700464FA2 /* HelperExtensions.swift in Sources */,
				62330A6925B7F2C1007F7658 /* AppDelegate.swift in Sources */,
				62330A6B25B7F2C1007F7658 /* SceneDelegate.swift in Sources */,
			);
			runOnlyForDeploymentPostprocessing = 0;
		};
		62330A7725B7F2C2007F7658 /* Sources */ = {
			isa = PBXSourcesBuildPhase;
			buildActionMask = 2147483647;
			files = (
				62330A8025B7F2C2007F7658 /* SeniorProjectTests.swift in Sources */,
			);
			runOnlyForDeploymentPostprocessing = 0;
		};
		62330A8225B7F2C2007F7658 /* Sources */ = {
			isa = PBXSourcesBuildPhase;
			buildActionMask = 2147483647;
			files = (
				62330A8B25B7F2C2007F7658 /* SeniorProjectUITests.swift in Sources */,
			);
			runOnlyForDeploymentPostprocessing = 0;
		};
/* End PBXSourcesBuildPhase section */

/* Begin PBXTargetDependency section */
		0307E96625DB57E000A5A58C /* PBXTargetDependency */ = {
			isa = PBXTargetDependency;
			target = 0307E94E25DB57DE00A5A58C /* Senior Project */;
			targetProxy = 0307E96525DB57E000A5A58C /* PBXContainerItemProxy */;
		};
		0307E97125DB57E000A5A58C /* PBXTargetDependency */ = {
			isa = PBXTargetDependency;
			target = 0307E94E25DB57DE00A5A58C /* Senior Project */;
			targetProxy = 0307E97025DB57E000A5A58C /* PBXContainerItemProxy */;
		};
		62330A7D25B7F2C2007F7658 /* PBXTargetDependency */ = {
			isa = PBXTargetDependency;
			target = 62330A6425B7F2C1007F7658 /* SeniorProject */;
			targetProxy = 62330A7C25B7F2C2007F7658 /* PBXContainerItemProxy */;
		};
		62330A8825B7F2C2007F7658 /* PBXTargetDependency */ = {
			isa = PBXTargetDependency;
			target = 62330A6425B7F2C1007F7658 /* SeniorProject */;
			targetProxy = 62330A8725B7F2C2007F7658 /* PBXContainerItemProxy */;
		};
/* End PBXTargetDependency section */

/* Begin PBXVariantGroup section */
		62330A6E25B7F2C1007F7658 /* Main.storyboard */ = {
			isa = PBXVariantGroup;
			children = (
				62330A6F25B7F2C1007F7658 /* Base */,
			);
			name = Main.storyboard;
			sourceTree = "<group>";
		};
		62330A7325B7F2C2007F7658 /* LaunchScreen.storyboard */ = {
			isa = PBXVariantGroup;
			children = (
				62330A7425B7F2C2007F7658 /* Base */,
			);
			name = LaunchScreen.storyboard;
			sourceTree = "<group>";
		};
/* End PBXVariantGroup section */

/* Begin XCBuildConfiguration section */
		0307E97625DB57E000A5A58C /* Debug */ = {
			isa = XCBuildConfiguration;
			baseConfigurationReference = F030E271F4B3773864504287 /* Pods-Senior Project.debug.xcconfig */;
			buildSettings = {
				ASSETCATALOG_COMPILER_APPICON_NAME = AppIcon;
				ASSETCATALOG_COMPILER_GLOBAL_ACCENT_COLOR_NAME = AccentColor;
				CODE_SIGN_STYLE = Automatic;
				INFOPLIST_FILE = "Senior Project/Info.plist";
				IPHONEOS_DEPLOYMENT_TARGET = 14.4;
				LD_RUNPATH_SEARCH_PATHS = (
					"$(inherited)",
					"@executable_path/Frameworks",
				);
				PRODUCT_BUNDLE_IDENTIFIER = "ndnu.Senior-Project";
				PRODUCT_NAME = "$(TARGET_NAME)";
				SWIFT_VERSION = 5.0;
				TARGETED_DEVICE_FAMILY = "1,2";
			};
			name = Debug;
		};
		0307E97725DB57E000A5A58C /* Release */ = {
			isa = XCBuildConfiguration;
			baseConfigurationReference = 71014F27E30BD52B3D937D5E /* Pods-Senior Project.release.xcconfig */;
			buildSettings = {
				ASSETCATALOG_COMPILER_APPICON_NAME = AppIcon;
				ASSETCATALOG_COMPILER_GLOBAL_ACCENT_COLOR_NAME = AccentColor;
				CODE_SIGN_STYLE = Automatic;
				INFOPLIST_FILE = "Senior Project/Info.plist";
				IPHONEOS_DEPLOYMENT_TARGET = 14.4;
				LD_RUNPATH_SEARCH_PATHS = (
					"$(inherited)",
					"@executable_path/Frameworks",
				);
				PRODUCT_BUNDLE_IDENTIFIER = "ndnu.Senior-Project";
				PRODUCT_NAME = "$(TARGET_NAME)";
				SWIFT_VERSION = 5.0;
				TARGETED_DEVICE_FAMILY = "1,2";
			};
			name = Release;
		};
		0307E97825DB57E000A5A58C /* Debug */ = {
			isa = XCBuildConfiguration;
			baseConfigurationReference = 248A7E0FA2B439C9D4A9B6C0 /* Pods-Senior ProjectTests.debug.xcconfig */;
			buildSettings = {
				BUNDLE_LOADER = "$(TEST_HOST)";
				CODE_SIGN_STYLE = Automatic;
				INFOPLIST_FILE = "Senior ProjectTests/Info.plist";
				IPHONEOS_DEPLOYMENT_TARGET = 14.4;
				LD_RUNPATH_SEARCH_PATHS = (
					"$(inherited)",
					"@executable_path/Frameworks",
					"@loader_path/Frameworks",
				);
				PRODUCT_BUNDLE_IDENTIFIER = "ndnu.Senior-ProjectTests";
				PRODUCT_NAME = "$(TARGET_NAME)";
				SWIFT_VERSION = 5.0;
				TARGETED_DEVICE_FAMILY = "1,2";
				TEST_HOST = "$(BUILT_PRODUCTS_DIR)/Senior Project.app/Senior Project";
			};
			name = Debug;
		};
		0307E97925DB57E000A5A58C /* Release */ = {
			isa = XCBuildConfiguration;
			baseConfigurationReference = B294D2B976627EA51E12DC67 /* Pods-Senior ProjectTests.release.xcconfig */;
			buildSettings = {
				BUNDLE_LOADER = "$(TEST_HOST)";
				CODE_SIGN_STYLE = Automatic;
				INFOPLIST_FILE = "Senior ProjectTests/Info.plist";
				IPHONEOS_DEPLOYMENT_TARGET = 14.4;
				LD_RUNPATH_SEARCH_PATHS = (
					"$(inherited)",
					"@executable_path/Frameworks",
					"@loader_path/Frameworks",
				);
				PRODUCT_BUNDLE_IDENTIFIER = "ndnu.Senior-ProjectTests";
				PRODUCT_NAME = "$(TARGET_NAME)";
				SWIFT_VERSION = 5.0;
				TARGETED_DEVICE_FAMILY = "1,2";
				TEST_HOST = "$(BUILT_PRODUCTS_DIR)/Senior Project.app/Senior Project";
			};
			name = Release;
		};
		0307E97A25DB57E000A5A58C /* Debug */ = {
			isa = XCBuildConfiguration;
			baseConfigurationReference = E58CA52D9F24D7296CB131D6 /* Pods-Senior Project-Senior ProjectUITests.debug.xcconfig */;
			buildSettings = {
				CODE_SIGN_STYLE = Automatic;
				INFOPLIST_FILE = "Senior ProjectUITests/Info.plist";
				IPHONEOS_DEPLOYMENT_TARGET = 14.4;
				LD_RUNPATH_SEARCH_PATHS = (
					"$(inherited)",
					"@executable_path/Frameworks",
					"@loader_path/Frameworks",
				);
				PRODUCT_BUNDLE_IDENTIFIER = "ndnu.Senior-ProjectUITests";
				PRODUCT_NAME = "$(TARGET_NAME)";
				SWIFT_VERSION = 5.0;
				TARGETED_DEVICE_FAMILY = "1,2";
				TEST_TARGET_NAME = "Senior Project";
			};
			name = Debug;
		};
		0307E97B25DB57E000A5A58C /* Release */ = {
			isa = XCBuildConfiguration;
			baseConfigurationReference = BE32C6AE4931FAEE51FEFEC5 /* Pods-Senior Project-Senior ProjectUITests.release.xcconfig */;
			buildSettings = {
				CODE_SIGN_STYLE = Automatic;
				INFOPLIST_FILE = "Senior ProjectUITests/Info.plist";
				IPHONEOS_DEPLOYMENT_TARGET = 14.4;
				LD_RUNPATH_SEARCH_PATHS = (
					"$(inherited)",
					"@executable_path/Frameworks",
					"@loader_path/Frameworks",
				);
				PRODUCT_BUNDLE_IDENTIFIER = "ndnu.Senior-ProjectUITests";
				PRODUCT_NAME = "$(TARGET_NAME)";
				SWIFT_VERSION = 5.0;
				TARGETED_DEVICE_FAMILY = "1,2";
				TEST_TARGET_NAME = "Senior Project";
			};
			name = Release;
		};
		62330A8D25B7F2C2007F7658 /* Debug */ = {
			isa = XCBuildConfiguration;
			buildSettings = {
				ALWAYS_SEARCH_USER_PATHS = NO;
				CLANG_ANALYZER_NONNULL = YES;
				CLANG_ANALYZER_NUMBER_OBJECT_CONVERSION = YES_AGGRESSIVE;
				CLANG_CXX_LANGUAGE_STANDARD = "gnu++14";
				CLANG_CXX_LIBRARY = "libc++";
				CLANG_ENABLE_MODULES = YES;
				CLANG_ENABLE_OBJC_ARC = YES;
				CLANG_ENABLE_OBJC_WEAK = YES;
				CLANG_WARN_BLOCK_CAPTURE_AUTORELEASING = YES;
				CLANG_WARN_BOOL_CONVERSION = YES;
				CLANG_WARN_COMMA = YES;
				CLANG_WARN_CONSTANT_CONVERSION = YES;
				CLANG_WARN_DEPRECATED_OBJC_IMPLEMENTATIONS = YES;
				CLANG_WARN_DIRECT_OBJC_ISA_USAGE = YES_ERROR;
				CLANG_WARN_DOCUMENTATION_COMMENTS = YES;
				CLANG_WARN_EMPTY_BODY = YES;
				CLANG_WARN_ENUM_CONVERSION = YES;
				CLANG_WARN_INFINITE_RECURSION = YES;
				CLANG_WARN_INT_CONVERSION = YES;
				CLANG_WARN_NON_LITERAL_NULL_CONVERSION = YES;
				CLANG_WARN_OBJC_IMPLICIT_RETAIN_SELF = YES;
				CLANG_WARN_OBJC_LITERAL_CONVERSION = YES;
				CLANG_WARN_OBJC_ROOT_CLASS = YES_ERROR;
				CLANG_WARN_QUOTED_INCLUDE_IN_FRAMEWORK_HEADER = YES;
				CLANG_WARN_RANGE_LOOP_ANALYSIS = YES;
				CLANG_WARN_STRICT_PROTOTYPES = YES;
				CLANG_WARN_SUSPICIOUS_MOVE = YES;
				CLANG_WARN_UNGUARDED_AVAILABILITY = YES_AGGRESSIVE;
				CLANG_WARN_UNREACHABLE_CODE = YES;
				CLANG_WARN__DUPLICATE_METHOD_MATCH = YES;
				COPY_PHASE_STRIP = NO;
				DEBUG_INFORMATION_FORMAT = dwarf;
				ENABLE_STRICT_OBJC_MSGSEND = YES;
				ENABLE_TESTABILITY = YES;
				GCC_C_LANGUAGE_STANDARD = gnu11;
				GCC_DYNAMIC_NO_PIC = NO;
				GCC_NO_COMMON_BLOCKS = YES;
				GCC_OPTIMIZATION_LEVEL = 0;
				GCC_PREPROCESSOR_DEFINITIONS = (
					"DEBUG=1",
					"$(inherited)",
				);
				GCC_WARN_64_TO_32_BIT_CONVERSION = YES;
				GCC_WARN_ABOUT_RETURN_TYPE = YES_ERROR;
				GCC_WARN_UNDECLARED_SELECTOR = YES;
				GCC_WARN_UNINITIALIZED_AUTOS = YES_AGGRESSIVE;
				GCC_WARN_UNUSED_FUNCTION = YES;
				GCC_WARN_UNUSED_VARIABLE = YES;
				IPHONEOS_DEPLOYMENT_TARGET = 14.3;
				MTL_ENABLE_DEBUG_INFO = INCLUDE_SOURCE;
				MTL_FAST_MATH = YES;
				ONLY_ACTIVE_ARCH = YES;
				SDKROOT = iphoneos;
				SWIFT_ACTIVE_COMPILATION_CONDITIONS = DEBUG;
				SWIFT_OPTIMIZATION_LEVEL = "-Onone";
			};
			name = Debug;
		};
		62330A8E25B7F2C2007F7658 /* Release */ = {
			isa = XCBuildConfiguration;
			buildSettings = {
				ALWAYS_SEARCH_USER_PATHS = NO;
				CLANG_ANALYZER_NONNULL = YES;
				CLANG_ANALYZER_NUMBER_OBJECT_CONVERSION = YES_AGGRESSIVE;
				CLANG_CXX_LANGUAGE_STANDARD = "gnu++14";
				CLANG_CXX_LIBRARY = "libc++";
				CLANG_ENABLE_MODULES = YES;
				CLANG_ENABLE_OBJC_ARC = YES;
				CLANG_ENABLE_OBJC_WEAK = YES;
				CLANG_WARN_BLOCK_CAPTURE_AUTORELEASING = YES;
				CLANG_WARN_BOOL_CONVERSION = YES;
				CLANG_WARN_COMMA = YES;
				CLANG_WARN_CONSTANT_CONVERSION = YES;
				CLANG_WARN_DEPRECATED_OBJC_IMPLEMENTATIONS = YES;
				CLANG_WARN_DIRECT_OBJC_ISA_USAGE = YES_ERROR;
				CLANG_WARN_DOCUMENTATION_COMMENTS = YES;
				CLANG_WARN_EMPTY_BODY = YES;
				CLANG_WARN_ENUM_CONVERSION = YES;
				CLANG_WARN_INFINITE_RECURSION = YES;
				CLANG_WARN_INT_CONVERSION = YES;
				CLANG_WARN_NON_LITERAL_NULL_CONVERSION = YES;
				CLANG_WARN_OBJC_IMPLICIT_RETAIN_SELF = YES;
				CLANG_WARN_OBJC_LITERAL_CONVERSION = YES;
				CLANG_WARN_OBJC_ROOT_CLASS = YES_ERROR;
				CLANG_WARN_QUOTED_INCLUDE_IN_FRAMEWORK_HEADER = YES;
				CLANG_WARN_RANGE_LOOP_ANALYSIS = YES;
				CLANG_WARN_STRICT_PROTOTYPES = YES;
				CLANG_WARN_SUSPICIOUS_MOVE = YES;
				CLANG_WARN_UNGUARDED_AVAILABILITY = YES_AGGRESSIVE;
				CLANG_WARN_UNREACHABLE_CODE = YES;
				CLANG_WARN__DUPLICATE_METHOD_MATCH = YES;
				COPY_PHASE_STRIP = NO;
				DEBUG_INFORMATION_FORMAT = "dwarf-with-dsym";
				ENABLE_NS_ASSERTIONS = NO;
				ENABLE_STRICT_OBJC_MSGSEND = YES;
				GCC_C_LANGUAGE_STANDARD = gnu11;
				GCC_NO_COMMON_BLOCKS = YES;
				GCC_WARN_64_TO_32_BIT_CONVERSION = YES;
				GCC_WARN_ABOUT_RETURN_TYPE = YES_ERROR;
				GCC_WARN_UNDECLARED_SELECTOR = YES;
				GCC_WARN_UNINITIALIZED_AUTOS = YES_AGGRESSIVE;
				GCC_WARN_UNUSED_FUNCTION = YES;
				GCC_WARN_UNUSED_VARIABLE = YES;
				IPHONEOS_DEPLOYMENT_TARGET = 14.3;
				MTL_ENABLE_DEBUG_INFO = NO;
				MTL_FAST_MATH = YES;
				SDKROOT = iphoneos;
				SWIFT_COMPILATION_MODE = wholemodule;
				SWIFT_OPTIMIZATION_LEVEL = "-O";
				VALIDATE_PRODUCT = YES;
			};
			name = Release;
		};
		62330A9025B7F2C2007F7658 /* Debug */ = {
			isa = XCBuildConfiguration;
			baseConfigurationReference = 7788936F839B5AD71DD3AF8B /* Pods-SeniorProject.debug.xcconfig */;
			buildSettings = {
				ASSETCATALOG_COMPILER_APPICON_NAME = AppIcon;
				ASSETCATALOG_COMPILER_GLOBAL_ACCENT_COLOR_NAME = AccentColor;
				CODE_SIGN_STYLE = Automatic;
				DEVELOPMENT_TEAM = Q85HAT4FQT;
				INFOPLIST_FILE = SeniorProject/Info.plist;
				LD_RUNPATH_SEARCH_PATHS = (
					"$(inherited)",
					"@executable_path/Frameworks",
				);
				PRODUCT_BUNDLE_IDENTIFIER = NDNU.SeniorProject;
				PRODUCT_NAME = "$(TARGET_NAME)";
				SWIFT_VERSION = 5.0;
				TARGETED_DEVICE_FAMILY = "1,2";
			};
			name = Debug;
		};
		62330A9125B7F2C2007F7658 /* Release */ = {
			isa = XCBuildConfiguration;
			baseConfigurationReference = 10AF80D3929D0CFC46FC2AC2 /* Pods-SeniorProject.release.xcconfig */;
			buildSettings = {
				ASSETCATALOG_COMPILER_APPICON_NAME = AppIcon;
				ASSETCATALOG_COMPILER_GLOBAL_ACCENT_COLOR_NAME = AccentColor;
				CODE_SIGN_STYLE = Automatic;
				DEVELOPMENT_TEAM = Q85HAT4FQT;
				INFOPLIST_FILE = SeniorProject/Info.plist;
				LD_RUNPATH_SEARCH_PATHS = (
					"$(inherited)",
					"@executable_path/Frameworks",
				);
				PRODUCT_BUNDLE_IDENTIFIER = NDNU.SeniorProject;
				PRODUCT_NAME = "$(TARGET_NAME)";
				SWIFT_VERSION = 5.0;
				TARGETED_DEVICE_FAMILY = "1,2";
			};
			name = Release;
		};
		62330A9325B7F2C2007F7658 /* Debug */ = {
			isa = XCBuildConfiguration;
			baseConfigurationReference = B0337A3A625430A7BD20A8B2 /* Pods-SeniorProjectTests.debug.xcconfig */;
			buildSettings = {
				ALWAYS_EMBED_SWIFT_STANDARD_LIBRARIES = YES;
				BUNDLE_LOADER = "$(TEST_HOST)";
				CODE_SIGN_STYLE = Automatic;
				DEVELOPMENT_TEAM = Q85HAT4FQT;
				INFOPLIST_FILE = SeniorProjectTests/Info.plist;
				IPHONEOS_DEPLOYMENT_TARGET = 14.3;
				LD_RUNPATH_SEARCH_PATHS = (
					"$(inherited)",
					"@executable_path/Frameworks",
					"@loader_path/Frameworks",
				);
				PRODUCT_BUNDLE_IDENTIFIER = NDNU.SeniorProjectTests;
				PRODUCT_NAME = "$(TARGET_NAME)";
				SWIFT_VERSION = 5.0;
				TARGETED_DEVICE_FAMILY = "1,2";
				TEST_HOST = "$(BUILT_PRODUCTS_DIR)/SeniorProject.app/SeniorProject";
			};
			name = Debug;
		};
		62330A9425B7F2C2007F7658 /* Release */ = {
			isa = XCBuildConfiguration;
			baseConfigurationReference = 5B1D26DA0C8720D7F7300CA6 /* Pods-SeniorProjectTests.release.xcconfig */;
			buildSettings = {
				ALWAYS_EMBED_SWIFT_STANDARD_LIBRARIES = YES;
				BUNDLE_LOADER = "$(TEST_HOST)";
				CODE_SIGN_STYLE = Automatic;
				DEVELOPMENT_TEAM = Q85HAT4FQT;
				INFOPLIST_FILE = SeniorProjectTests/Info.plist;
				IPHONEOS_DEPLOYMENT_TARGET = 14.3;
				LD_RUNPATH_SEARCH_PATHS = (
					"$(inherited)",
					"@executable_path/Frameworks",
					"@loader_path/Frameworks",
				);
				PRODUCT_BUNDLE_IDENTIFIER = NDNU.SeniorProjectTests;
				PRODUCT_NAME = "$(TARGET_NAME)";
				SWIFT_VERSION = 5.0;
				TARGETED_DEVICE_FAMILY = "1,2";
				TEST_HOST = "$(BUILT_PRODUCTS_DIR)/SeniorProject.app/SeniorProject";
			};
			name = Release;
		};
		62330A9625B7F2C2007F7658 /* Debug */ = {
			isa = XCBuildConfiguration;
			baseConfigurationReference = 3E63D39C0B02E56F5E4835C8 /* Pods-SeniorProject-SeniorProjectUITests.debug.xcconfig */;
			buildSettings = {
				ALWAYS_EMBED_SWIFT_STANDARD_LIBRARIES = YES;
				CODE_SIGN_STYLE = Automatic;
				DEVELOPMENT_TEAM = Q85HAT4FQT;
				INFOPLIST_FILE = SeniorProjectUITests/Info.plist;
				LD_RUNPATH_SEARCH_PATHS = (
					"$(inherited)",
					"@executable_path/Frameworks",
					"@loader_path/Frameworks",
				);
				PRODUCT_BUNDLE_IDENTIFIER = NDNU.SeniorProjectUITests;
				PRODUCT_NAME = "$(TARGET_NAME)";
				SWIFT_VERSION = 5.0;
				TARGETED_DEVICE_FAMILY = "1,2";
				TEST_TARGET_NAME = SeniorProject;
			};
			name = Debug;
		};
		62330A9725B7F2C2007F7658 /* Release */ = {
			isa = XCBuildConfiguration;
			baseConfigurationReference = AC8E8123463A6C1B64EB90F5 /* Pods-SeniorProject-SeniorProjectUITests.release.xcconfig */;
			buildSettings = {
				ALWAYS_EMBED_SWIFT_STANDARD_LIBRARIES = YES;
				CODE_SIGN_STYLE = Automatic;
				DEVELOPMENT_TEAM = Q85HAT4FQT;
				INFOPLIST_FILE = SeniorProjectUITests/Info.plist;
				LD_RUNPATH_SEARCH_PATHS = (
					"$(inherited)",
					"@executable_path/Frameworks",
					"@loader_path/Frameworks",
				);
				PRODUCT_BUNDLE_IDENTIFIER = NDNU.SeniorProjectUITests;
				PRODUCT_NAME = "$(TARGET_NAME)";
				SWIFT_VERSION = 5.0;
				TARGETED_DEVICE_FAMILY = "1,2";
				TEST_TARGET_NAME = SeniorProject;
			};
			name = Release;
		};
/* End XCBuildConfiguration section */

/* Begin XCConfigurationList section */
		0307E97C25DB57E000A5A58C /* Build configuration list for PBXNativeTarget "Senior Project" */ = {
			isa = XCConfigurationList;
			buildConfigurations = (
				0307E97625DB57E000A5A58C /* Debug */,
				0307E97725DB57E000A5A58C /* Release */,
			);
			defaultConfigurationIsVisible = 0;
			defaultConfigurationName = Release;
		};
		0307E97D25DB57E000A5A58C /* Build configuration list for PBXNativeTarget "Senior ProjectTests" */ = {
			isa = XCConfigurationList;
			buildConfigurations = (
				0307E97825DB57E000A5A58C /* Debug */,
				0307E97925DB57E000A5A58C /* Release */,
			);
			defaultConfigurationIsVisible = 0;
			defaultConfigurationName = Release;
		};
		0307E97E25DB57E000A5A58C /* Build configuration list for PBXNativeTarget "Senior ProjectUITests" */ = {
			isa = XCConfigurationList;
			buildConfigurations = (
				0307E97A25DB57E000A5A58C /* Debug */,
				0307E97B25DB57E000A5A58C /* Release */,
			);
			defaultConfigurationIsVisible = 0;
			defaultConfigurationName = Release;
		};
		62330A6025B7F2C0007F7658 /* Build configuration list for PBXProject "SeniorProject" */ = {
			isa = XCConfigurationList;
			buildConfigurations = (
				62330A8D25B7F2C2007F7658 /* Debug */,
				62330A8E25B7F2C2007F7658 /* Release */,
			);
			defaultConfigurationIsVisible = 0;
			defaultConfigurationName = Release;
		};
		62330A8F25B7F2C2007F7658 /* Build configuration list for PBXNativeTarget "SeniorProject" */ = {
			isa = XCConfigurationList;
			buildConfigurations = (
				62330A9025B7F2C2007F7658 /* Debug */,
				62330A9125B7F2C2007F7658 /* Release */,
			);
			defaultConfigurationIsVisible = 0;
			defaultConfigurationName = Release;
		};
		62330A9225B7F2C2007F7658 /* Build configuration list for PBXNativeTarget "SeniorProjectTests" */ = {
			isa = XCConfigurationList;
			buildConfigurations = (
				62330A9325B7F2C2007F7658 /* Debug */,
				62330A9425B7F2C2007F7658 /* Release */,
			);
			defaultConfigurationIsVisible = 0;
			defaultConfigurationName = Release;
		};
		62330A9525B7F2C2007F7658 /* Build configuration list for PBXNativeTarget "SeniorProjectUITests" */ = {
			isa = XCConfigurationList;
			buildConfigurations = (
				62330A9625B7F2C2007F7658 /* Debug */,
				62330A9725B7F2C2007F7658 /* Release */,
			);
			defaultConfigurationIsVisible = 0;
			defaultConfigurationName = Release;
		};
/* End XCConfigurationList section */
	};
	rootObject = 62330A5D25B7F2C0007F7658 /* Project object */;
}
